// !$*UTF8*$!
{
	archiveVersion = 1;
	classes = {
	};
	objectVersion = 46;
	objects = {

/* Begin PBXBuildFile section */
		01FB8AA01B0BA5880013B796 /* AppDelegate.swift in Sources */ = {isa = PBXBuildFile; fileRef = 01FB8A9F1B0BA5880013B796 /* AppDelegate.swift */; };
		01FB8AA21B0BA5880013B796 /* ViewController.swift in Sources */ = {isa = PBXBuildFile; fileRef = 01FB8AA11B0BA5880013B796 /* ViewController.swift */; };
		01FB8AA51B0BA5880013B796 /* Main.storyboard in Resources */ = {isa = PBXBuildFile; fileRef = 01FB8AA31B0BA5880013B796 /* Main.storyboard */; };
		01FB8AA71B0BA5880013B796 /* Images.xcassets in Resources */ = {isa = PBXBuildFile; fileRef = 01FB8AA61B0BA5880013B796 /* Images.xcassets */; };
		01FB8AAA1B0BA5880013B796 /* LaunchScreen.xib in Resources */ = {isa = PBXBuildFile; fileRef = 01FB8AA81B0BA5880013B796 /* LaunchScreen.xib */; };
		01FB8AB61B0BA5880013B796 /* MeetupTests.swift in Sources */ = {isa = PBXBuildFile; fileRef = 01FB8AB51B0BA5880013B796 /* MeetupTests.swift */; };
		01FB8AC01B0BA5A50013B796 /* Meetup.swift in Sources */ = {isa = PBXBuildFile; fileRef = 01FB8ABF1B0BA5A50013B796 /* Meetup.swift */; };
		01FB8AC11B0BA5D20013B796 /* Meetup.swift in Sources */ = {isa = PBXBuildFile; fileRef = 01FB8ABF1B0BA5A50013B796 /* Meetup.swift */; };
/* End PBXBuildFile section */

/* Begin PBXContainerItemProxy section */
		01FB8AB01B0BA5880013B796 /* PBXContainerItemProxy */ = {
			isa = PBXContainerItemProxy;
			containerPortal = 01FB8A921B0BA5880013B796 /* Project object */;
			proxyType = 1;
			remoteGlobalIDString = 01FB8A991B0BA5880013B796;
			remoteInfo = Meetup;
		};
/* End PBXContainerItemProxy section */

/* Begin PBXFileReference section */
		01FB8A9A1B0BA5880013B796 /* Meetup.app */ = {isa = PBXFileReference; explicitFileType = wrapper.application; includeInIndex = 0; path = Meetup.app; sourceTree = BUILT_PRODUCTS_DIR; };
		01FB8A9E1B0BA5880013B796 /* Info.plist */ = {isa = PBXFileReference; lastKnownFileType = text.plist.xml; path = Info.plist; sourceTree = "<group>"; };
		01FB8A9F1B0BA5880013B796 /* AppDelegate.swift */ = {isa = PBXFileReference; lastKnownFileType = sourcecode.swift; path = AppDelegate.swift; sourceTree = "<group>"; };
		01FB8AA11B0BA5880013B796 /* ViewController.swift */ = {isa = PBXFileReference; lastKnownFileType = sourcecode.swift; path = ViewController.swift; sourceTree = "<group>"; };
		01FB8AA41B0BA5880013B796 /* Base */ = {isa = PBXFileReference; lastKnownFileType = file.storyboard; name = Base; path = Base.lproj/Main.storyboard; sourceTree = "<group>"; };
		01FB8AA61B0BA5880013B796 /* Images.xcassets */ = {isa = PBXFileReference; lastKnownFileType = folder.assetcatalog; path = Images.xcassets; sourceTree = "<group>"; };
		01FB8AA91B0BA5880013B796 /* Base */ = {isa = PBXFileReference; lastKnownFileType = file.xib; name = Base; path = Base.lproj/LaunchScreen.xib; sourceTree = "<group>"; };
		01FB8AAF1B0BA5880013B796 /* MeetupTests.xctest */ = {isa = PBXFileReference; explicitFileType = wrapper.cfbundle; includeInIndex = 0; path = MeetupTests.xctest; sourceTree = BUILT_PRODUCTS_DIR; };
		01FB8AB41B0BA5880013B796 /* Info.plist */ = {isa = PBXFileReference; lastKnownFileType = text.plist.xml; path = Info.plist; sourceTree = "<group>"; };
		01FB8AB51B0BA5880013B796 /* MeetupTests.swift */ = {isa = PBXFileReference; lastKnownFileType = sourcecode.swift; path = MeetupTests.swift; sourceTree = "<group>"; };
		01FB8ABF1B0BA5A50013B796 /* Meetup.swift */ = {isa = PBXFileReference; fileEncoding = 4; lastKnownFileType = sourcecode.swift; path = Meetup.swift; sourceTree = "<group>"; };
/* End PBXFileReference section */

/* Begin PBXFrameworksBuildPhase section */
		01FB8A971B0BA5880013B796 /* Frameworks */ = {
			isa = PBXFrameworksBuildPhase;
			buildActionMask = 2147483647;
			files = (
			);
			runOnlyForDeploymentPostprocessing = 0;
		};
		01FB8AAC1B0BA5880013B796 /* Frameworks */ = {
			isa = PBXFrameworksBuildPhase;
			buildActionMask = 2147483647;
			files = (
			);
			runOnlyForDeploymentPostprocessing = 0;
		};
/* End PBXFrameworksBuildPhase section */

/* Begin PBXGroup section */
		01FB8A911B0BA5880013B796 = {
			isa = PBXGroup;
			children = (
				01FB8A9C1B0BA5880013B796 /* Meetup */,
				01FB8AB21B0BA5880013B796 /* MeetupTests */,
				01FB8A9B1B0BA5880013B796 /* Products */,
			);
			sourceTree = "<group>";
		};
		01FB8A9B1B0BA5880013B796 /* Products */ = {
			isa = PBXGroup;
			children = (
				01FB8A9A1B0BA5880013B796 /* Meetup.app */,
				01FB8AAF1B0BA5880013B796 /* MeetupTests.xctest */,
			);
			name = Products;
			sourceTree = "<group>";
		};
		01FB8A9C1B0BA5880013B796 /* Meetup */ = {
			isa = PBXGroup;
			children = (
				01FB8A9F1B0BA5880013B796 /* AppDelegate.swift */,
				01FB8AA11B0BA5880013B796 /* ViewController.swift */,
				01FB8AA31B0BA5880013B796 /* Main.storyboard */,
				01FB8AA61B0BA5880013B796 /* Images.xcassets */,
				01FB8AA81B0BA5880013B796 /* LaunchScreen.xib */,
				01FB8A9D1B0BA5880013B796 /* Supporting Files */,
				01FB8ABF1B0BA5A50013B796 /* Meetup.swift */,
			);
			path = Meetup;
			sourceTree = "<group>";
		};
		01FB8A9D1B0BA5880013B796 /* Supporting Files */ = {
			isa = PBXGroup;
			children = (
				01FB8A9E1B0BA5880013B796 /* Info.plist */,
			);
			name = "Supporting Files";
			sourceTree = "<group>";
		};
		01FB8AB21B0BA5880013B796 /* MeetupTests */ = {
			isa = PBXGroup;
			children = (
				01FB8AB51B0BA5880013B796 /* MeetupTests.swift */,
				01FB8AB31B0BA5880013B796 /* Supporting Files */,
			);
			path = MeetupTests;
			sourceTree = "<group>";
		};
		01FB8AB31B0BA5880013B796 /* Supporting Files */ = {
			isa = PBXGroup;
			children = (
				01FB8AB41B0BA5880013B796 /* Info.plist */,
			);
			name = "Supporting Files";
			sourceTree = "<group>";
		};
/* End PBXGroup section */

/* Begin PBXNativeTarget section */
		01FB8A991B0BA5880013B796 /* Meetup */ = {
			isa = PBXNativeTarget;
			buildConfigurationList = 01FB8AB91B0BA5880013B796 /* Build configuration list for PBXNativeTarget "Meetup" */;
			buildPhases = (
				01FB8A961B0BA5880013B796 /* Sources */,
				01FB8A971B0BA5880013B796 /* Frameworks */,
				01FB8A981B0BA5880013B796 /* Resources */,
			);
			buildRules = (
			);
			dependencies = (
			);
			name = Meetup;
			productName = Meetup;
			productReference = 01FB8A9A1B0BA5880013B796 /* Meetup.app */;
			productType = "com.apple.product-type.application";
		};
		01FB8AAE1B0BA5880013B796 /* MeetupTests */ = {
			isa = PBXNativeTarget;
			buildConfigurationList = 01FB8ABC1B0BA5880013B796 /* Build configuration list for PBXNativeTarget "MeetupTests" */;
			buildPhases = (
				01FB8AAB1B0BA5880013B796 /* Sources */,
				01FB8AAC1B0BA5880013B796 /* Frameworks */,
				01FB8AAD1B0BA5880013B796 /* Resources */,
			);
			buildRules = (
			);
			dependencies = (
				01FB8AB11B0BA5880013B796 /* PBXTargetDependency */,
			);
			name = MeetupTests;
			productName = MeetupTests;
			productReference = 01FB8AAF1B0BA5880013B796 /* MeetupTests.xctest */;
			productType = "com.apple.product-type.bundle.unit-test";
		};
/* End PBXNativeTarget section */

/* Begin PBXProject section */
		01FB8A921B0BA5880013B796 /* Project object */ = {
			isa = PBXProject;
			attributes = {
				LastUpgradeCheck = 0630;
				ORGANIZATIONNAME = exercism;
				TargetAttributes = {
					01FB8A991B0BA5880013B796 = {
						CreatedOnToolsVersion = 6.3.1;
					};
					01FB8AAE1B0BA5880013B796 = {
						CreatedOnToolsVersion = 6.3.1;
						TestTargetID = 01FB8A991B0BA5880013B796;
					};
				};
			};
			buildConfigurationList = 01FB8A951B0BA5880013B796 /* Build configuration list for PBXProject "Meetup" */;
			compatibilityVersion = "Xcode 3.2";
			developmentRegion = English;
			hasScannedForEncodings = 0;
			knownRegions = (
				en,
				Base,
			);
			mainGroup = 01FB8A911B0BA5880013B796;
			productRefGroup = 01FB8A9B1B0BA5880013B796 /* Products */;
			projectDirPath = "";
			projectRoot = "";
			targets = (
				01FB8A991B0BA5880013B796 /* Meetup */,
				01FB8AAE1B0BA5880013B796 /* MeetupTests */,
			);
		};
/* End PBXProject section */

/* Begin PBXResourcesBuildPhase section */
		01FB8A981B0BA5880013B796 /* Resources */ = {
			isa = PBXResourcesBuildPhase;
			buildActionMask = 2147483647;
			files = (
				01FB8AA51B0BA5880013B796 /* Main.storyboard in Resources */,
				01FB8AAA1B0BA5880013B796 /* LaunchScreen.xib in Resources */,
				01FB8AA71B0BA5880013B796 /* Images.xcassets in Resources */,
			);
			runOnlyForDeploymentPostprocessing = 0;
		};
		01FB8AAD1B0BA5880013B796 /* Resources */ = {
			isa = PBXResourcesBuildPhase;
			buildActionMask = 2147483647;
			files = (
			);
			runOnlyForDeploymentPostprocessing = 0;
		};
/* End PBXResourcesBuildPhase section */

/* Begin PBXSourcesBuildPhase section */
		01FB8A961B0BA5880013B796 /* Sources */ = {
			isa = PBXSourcesBuildPhase;
			buildActionMask = 2147483647;
			files = (
				01FB8AA21B0BA5880013B796 /* ViewController.swift in Sources */,
				01FB8AA01B0BA5880013B796 /* AppDelegate.swift in Sources */,
				01FB8AC01B0BA5A50013B796 /* Meetup.swift in Sources */,
			);
			runOnlyForDeploymentPostprocessing = 0;
		};
		01FB8AAB1B0BA5880013B796 /* Sources */ = {
			isa = PBXSourcesBuildPhase;
			buildActionMask = 2147483647;
			files = (
				01FB8AB61B0BA5880013B796 /* MeetupTests.swift in Sources */,
				01FB8AC11B0BA5D20013B796 /* Meetup.swift in Sources */,
			);
			runOnlyForDeploymentPostprocessing = 0;
		};
/* End PBXSourcesBuildPhase section */

/* Begin PBXTargetDependency section */
		01FB8AB11B0BA5880013B796 /* PBXTargetDependency */ = {
			isa = PBXTargetDependency;
			target = 01FB8A991B0BA5880013B796 /* Meetup */;
			targetProxy = 01FB8AB01B0BA5880013B796 /* PBXContainerItemProxy */;
		};
/* End PBXTargetDependency section */

/* Begin PBXVariantGroup section */
		01FB8AA31B0BA5880013B796 /* Main.storyboard */ = {
			isa = PBXVariantGroup;
			children = (
				01FB8AA41B0BA5880013B796 /* Base */,
			);
			name = Main.storyboard;
			sourceTree = "<group>";
		};
		01FB8AA81B0BA5880013B796 /* LaunchScreen.xib */ = {
			isa = PBXVariantGroup;
			children = (
				01FB8AA91B0BA5880013B796 /* Base */,
			);
			name = LaunchScreen.xib;
			sourceTree = "<group>";
		};
/* End PBXVariantGroup section */

/* Begin XCBuildConfiguration section */
		01FB8AB71B0BA5880013B796 /* Debug */ = {
			isa = XCBuildConfiguration;
			buildSettings = {
				ALWAYS_SEARCH_USER_PATHS = NO;
				CLANG_CXX_LANGUAGE_STANDARD = "gnu++0x";
				CLANG_CXX_LIBRARY = "libc++";
				CLANG_ENABLE_MODULES = YES;
				CLANG_ENABLE_OBJC_ARC = YES;
				CLANG_WARN_BOOL_CONVERSION = YES;
				CLANG_WARN_CONSTANT_CONVERSION = YES;
				CLANG_WARN_DIRECT_OBJC_ISA_USAGE = YES_ERROR;
				CLANG_WARN_EMPTY_BODY = YES;
				CLANG_WARN_ENUM_CONVERSION = YES;
				CLANG_WARN_INT_CONVERSION = YES;
				CLANG_WARN_OBJC_ROOT_CLASS = YES_ERROR;
				CLANG_WARN_UNREACHABLE_CODE = YES;
				CLANG_WARN__DUPLICATE_METHOD_MATCH = YES;
				"CODE_SIGN_IDENTITY[sdk=iphoneos*]" = "iPhone Developer";
				COPY_PHASE_STRIP = NO;
				DEBUG_INFORMATION_FORMAT = "dwarf-with-dsym";
				ENABLE_STRICT_OBJC_MSGSEND = YES;
				GCC_C_LANGUAGE_STANDARD = gnu99;
				GCC_DYNAMIC_NO_PIC = NO;
				GCC_NO_COMMON_BLOCKS = YES;
				GCC_OPTIMIZATION_LEVEL = 0;
				GCC_PREPROCESSOR_DEFINITIONS = (
					"DEBUG=1",
					"$(inherited)",
				);
				GCC_SYMBOLS_PRIVATE_EXTERN = NO;
				GCC_WARN_64_TO_32_BIT_CONVERSION = YES;
				GCC_WARN_ABOUT_RETURN_TYPE = YES_ERROR;
				GCC_WARN_UNDECLARED_SELECTOR = YES;
				GCC_WARN_UNINITIALIZED_AUTOS = YES_AGGRESSIVE;
				GCC_WARN_UNUSED_FUNCTION = YES;
				GCC_WARN_UNUSED_VARIABLE = YES;
				IPHONEOS_DEPLOYMENT_TARGET = 8.3;
				MTL_ENABLE_DEBUG_INFO = YES;
				ONLY_ACTIVE_ARCH = YES;
				SDKROOT = iphoneos;
				SWIFT_OPTIMIZATION_LEVEL = "-Onone";
			};
			name = Debug;
		};
		01FB8AB81B0BA5880013B796 /* Release */ = {
			isa = XCBuildConfiguration;
			buildSettings = {
				ALWAYS_SEARCH_USER_PATHS = NO;
				CLANG_CXX_LANGUAGE_STANDARD = "gnu++0x";
				CLANG_CXX_LIBRARY = "libc++";
				CLANG_ENABLE_MODULES = YES;
				CLANG_ENABLE_OBJC_ARC = YES;
				CLANG_WARN_BOOL_CONVERSION = YES;
				CLANG_WARN_CONSTANT_CONVERSION = YES;
				CLANG_WARN_DIRECT_OBJC_ISA_USAGE = YES_ERROR;
				CLANG_WARN_EMPTY_BODY = YES;
				CLANG_WARN_ENUM_CONVERSION = YES;
				CLANG_WARN_INT_CONVERSION = YES;
				CLANG_WARN_OBJC_ROOT_CLASS = YES_ERROR;
				CLANG_WARN_UNREACHABLE_CODE = YES;
				CLANG_WARN__DUPLICATE_METHOD_MATCH = YES;
				"CODE_SIGN_IDENTITY[sdk=iphoneos*]" = "iPhone Developer";
				COPY_PHASE_STRIP = NO;
				DEBUG_INFORMATION_FORMAT = "dwarf-with-dsym";
				ENABLE_NS_ASSERTIONS = NO;
				ENABLE_STRICT_OBJC_MSGSEND = YES;
				GCC_C_LANGUAGE_STANDARD = gnu99;
				GCC_NO_COMMON_BLOCKS = YES;
				GCC_WARN_64_TO_32_BIT_CONVERSION = YES;
				GCC_WARN_ABOUT_RETURN_TYPE = YES_ERROR;
				GCC_WARN_UNDECLARED_SELECTOR = YES;
				GCC_WARN_UNINITIALIZED_AUTOS = YES_AGGRESSIVE;
				GCC_WARN_UNUSED_FUNCTION = YES;
				GCC_WARN_UNUSED_VARIABLE = YES;
				IPHONEOS_DEPLOYMENT_TARGET = 8.3;
				MTL_ENABLE_DEBUG_INFO = NO;
				SDKROOT = iphoneos;
				VALIDATE_PRODUCT = YES;
			};
			name = Release;
		};
		01FB8ABA1B0BA5880013B796 /* Debug */ = {
			isa = XCBuildConfiguration;
			buildSettings = {
				ASSETCATALOG_COMPILER_APPICON_NAME = AppIcon;
				INFOPLIST_FILE = Meetup/Info.plist;
				LD_RUNPATH_SEARCH_PATHS = "$(inherited) @executable_path/Frameworks";
				PRODUCT_NAME = "$(TARGET_NAME)";
			};
			name = Debug;
		};
		01FB8ABB1B0BA5880013B796 /* Release */ = {
			isa = XCBuildConfiguration;
			buildSettings = {
				ASSETCATALOG_COMPILER_APPICON_NAME = AppIcon;
				INFOPLIST_FILE = Meetup/Info.plist;
				LD_RUNPATH_SEARCH_PATHS = "$(inherited) @executable_path/Frameworks";
				PRODUCT_NAME = "$(TARGET_NAME)";
			};
			name = Release;
		};
		01FB8ABD1B0BA5880013B796 /* Debug */ = {
			isa = XCBuildConfiguration;
			buildSettings = {
				BUNDLE_LOADER = "$(TEST_HOST)";
				FRAMEWORK_SEARCH_PATHS = (
					"$(SDKROOT)/Developer/Library/Frameworks",
					"$(inherited)",
				);
				GCC_PREPROCESSOR_DEFINITIONS = (
					"DEBUG=1",
					"$(inherited)",
				);
				INFOPLIST_FILE = MeetupTests/Info.plist;
				LD_RUNPATH_SEARCH_PATHS = "$(inherited) @executable_path/Frameworks @loader_path/Frameworks";
				PRODUCT_NAME = "$(TARGET_NAME)";
				TEST_HOST = "$(BUILT_PRODUCTS_DIR)/Meetup.app/Meetup";
			};
			name = Debug;
		};
		01FB8ABE1B0BA5880013B796 /* Release */ = {
			isa = XCBuildConfiguration;
			buildSettings = {
				BUNDLE_LOADER = "$(TEST_HOST)";
				FRAMEWORK_SEARCH_PATHS = (
					"$(SDKROOT)/Developer/Library/Frameworks",
					"$(inherited)",
				);
				INFOPLIST_FILE = MeetupTests/Info.plist;
				LD_RUNPATH_SEARCH_PATHS = "$(inherited) @executable_path/Frameworks @loader_path/Frameworks";
				PRODUCT_NAME = "$(TARGET_NAME)";
				TEST_HOST = "$(BUILT_PRODUCTS_DIR)/Meetup.app/Meetup";
			};
			name = Release;
		};
/* End XCBuildConfiguration section */

/* Begin XCConfigurationList section */
		01FB8A951B0BA5880013B796 /* Build configuration list for PBXProject "Meetup" */ = {
			isa = XCConfigurationList;
			buildConfigurations = (
				01FB8AB71B0BA5880013B796 /* Debug */,
				01FB8AB81B0BA5880013B796 /* Release */,
			);
			defaultConfigurationIsVisible = 0;
			defaultConfigurationName = Release;
		};
		01FB8AB91B0BA5880013B796 /* Build configuration list for PBXNativeTarget "Meetup" */ = {
			isa = XCConfigurationList;
			buildConfigurations = (
				01FB8ABA1B0BA5880013B796 /* Debug */,
				01FB8ABB1B0BA5880013B796 /* Release */,
			);
			defaultConfigurationIsVisible = 0;
		};
		01FB8ABC1B0BA5880013B796 /* Build configuration list for PBXNativeTarget "MeetupTests" */ = {
			isa = XCConfigurationList;
			buildConfigurations = (
				01FB8ABD1B0BA5880013B796 /* Debug */,
				01FB8ABE1B0BA5880013B796 /* Release */,
			);
			defaultConfigurationIsVisible = 0;
		};
/* End XCConfigurationList section */
	};
	rootObject = 01FB8A921B0BA5880013B796 /* Project object */;
}
