// !$*UTF8*$!
{
	archiveVersion = 1;
	classes = {
	};
	objectVersion = 46;
	objects = {

/* Begin PBXBuildFile section */
		01E5356F1AF42BDC00AF5FB8 /* AppDelegate.swift in Sources */ = {isa = PBXBuildFile; fileRef = 01E5356E1AF42BDC00AF5FB8 /* AppDelegate.swift */; };
		01E535711AF42BDC00AF5FB8 /* ViewController.swift in Sources */ = {isa = PBXBuildFile; fileRef = 01E535701AF42BDC00AF5FB8 /* ViewController.swift */; };
		01E535741AF42BDC00AF5FB8 /* Main.storyboard in Resources */ = {isa = PBXBuildFile; fileRef = 01E535721AF42BDC00AF5FB8 /* Main.storyboard */; };
		01E535761AF42BDC00AF5FB8 /* Images.xcassets in Resources */ = {isa = PBXBuildFile; fileRef = 01E535751AF42BDC00AF5FB8 /* Images.xcassets */; };
		01E535791AF42BDC00AF5FB8 /* LaunchScreen.xib in Resources */ = {isa = PBXBuildFile; fileRef = 01E535771AF42BDC00AF5FB8 /* LaunchScreen.xib */; };
		01E535851AF42BDC00AF5FB8 /* SumOfMultiplesTests.swift in Sources */ = {isa = PBXBuildFile; fileRef = 01E535841AF42BDC00AF5FB8 /* SumOfMultiplesTests.swift */; };
		01E5358F1AF42C0C00AF5FB8 /* SumOfMultiples.swift in Sources */ = {isa = PBXBuildFile; fileRef = 01E5358E1AF42C0C00AF5FB8 /* SumOfMultiples.swift */; };
		01E535901AF433AD00AF5FB8 /* SumOfMultiples.swift in Sources */ = {isa = PBXBuildFile; fileRef = 01E5358E1AF42C0C00AF5FB8 /* SumOfMultiples.swift */; };
/* End PBXBuildFile section */

/* Begin PBXContainerItemProxy section */
		01E5357F1AF42BDC00AF5FB8 /* PBXContainerItemProxy */ = {
			isa = PBXContainerItemProxy;
			containerPortal = 01E535611AF42BDB00AF5FB8 /* Project object */;
			proxyType = 1;
			remoteGlobalIDString = 01E535681AF42BDB00AF5FB8;
			remoteInfo = SumOfMultiples;
		};
/* End PBXContainerItemProxy section */

/* Begin PBXFileReference section */
		01E535691AF42BDB00AF5FB8 /* SumOfMultiples.app */ = {isa = PBXFileReference; explicitFileType = wrapper.application; includeInIndex = 0; path = SumOfMultiples.app; sourceTree = BUILT_PRODUCTS_DIR; };
		01E5356D1AF42BDC00AF5FB8 /* Info.plist */ = {isa = PBXFileReference; lastKnownFileType = text.plist.xml; path = Info.plist; sourceTree = "<group>"; };
		01E5356E1AF42BDC00AF5FB8 /* AppDelegate.swift */ = {isa = PBXFileReference; lastKnownFileType = sourcecode.swift; path = AppDelegate.swift; sourceTree = "<group>"; };
		01E535701AF42BDC00AF5FB8 /* ViewController.swift */ = {isa = PBXFileReference; lastKnownFileType = sourcecode.swift; path = ViewController.swift; sourceTree = "<group>"; };
		01E535731AF42BDC00AF5FB8 /* Base */ = {isa = PBXFileReference; lastKnownFileType = file.storyboard; name = Base; path = Base.lproj/Main.storyboard; sourceTree = "<group>"; };
		01E535751AF42BDC00AF5FB8 /* Images.xcassets */ = {isa = PBXFileReference; lastKnownFileType = folder.assetcatalog; path = Images.xcassets; sourceTree = "<group>"; };
		01E535781AF42BDC00AF5FB8 /* Base */ = {isa = PBXFileReference; lastKnownFileType = file.xib; name = Base; path = Base.lproj/LaunchScreen.xib; sourceTree = "<group>"; };
		01E5357E1AF42BDC00AF5FB8 /* SumOfMultiplesTests.xctest */ = {isa = PBXFileReference; explicitFileType = wrapper.cfbundle; includeInIndex = 0; path = SumOfMultiplesTests.xctest; sourceTree = BUILT_PRODUCTS_DIR; };
		01E535831AF42BDC00AF5FB8 /* Info.plist */ = {isa = PBXFileReference; lastKnownFileType = text.plist.xml; path = Info.plist; sourceTree = "<group>"; };
		01E535841AF42BDC00AF5FB8 /* SumOfMultiplesTests.swift */ = {isa = PBXFileReference; lastKnownFileType = sourcecode.swift; path = SumOfMultiplesTests.swift; sourceTree = "<group>"; };
		01E5358E1AF42C0C00AF5FB8 /* SumOfMultiples.swift */ = {isa = PBXFileReference; fileEncoding = 4; lastKnownFileType = sourcecode.swift; path = SumOfMultiples.swift; sourceTree = "<group>"; };
/* End PBXFileReference section */

/* Begin PBXFrameworksBuildPhase section */
		01E535661AF42BDB00AF5FB8 /* Frameworks */ = {
			isa = PBXFrameworksBuildPhase;
			buildActionMask = 2147483647;
			files = (
			);
			runOnlyForDeploymentPostprocessing = 0;
		};
		01E5357B1AF42BDC00AF5FB8 /* Frameworks */ = {
			isa = PBXFrameworksBuildPhase;
			buildActionMask = 2147483647;
			files = (
			);
			runOnlyForDeploymentPostprocessing = 0;
		};
/* End PBXFrameworksBuildPhase section */

/* Begin PBXGroup section */
		01E535601AF42BDB00AF5FB8 = {
			isa = PBXGroup;
			children = (
				01E5356B1AF42BDB00AF5FB8 /* SumOfMultiples */,
				01E535811AF42BDC00AF5FB8 /* SumOfMultiplesTests */,
				01E5356A1AF42BDB00AF5FB8 /* Products */,
			);
			sourceTree = "<group>";
		};
		01E5356A1AF42BDB00AF5FB8 /* Products */ = {
			isa = PBXGroup;
			children = (
				01E535691AF42BDB00AF5FB8 /* SumOfMultiples.app */,
				01E5357E1AF42BDC00AF5FB8 /* SumOfMultiplesTests.xctest */,
			);
			name = Products;
			sourceTree = "<group>";
		};
		01E5356B1AF42BDB00AF5FB8 /* SumOfMultiples */ = {
			isa = PBXGroup;
			children = (
				01E5356E1AF42BDC00AF5FB8 /* AppDelegate.swift */,
				01E535701AF42BDC00AF5FB8 /* ViewController.swift */,
				01E535721AF42BDC00AF5FB8 /* Main.storyboard */,
				01E535751AF42BDC00AF5FB8 /* Images.xcassets */,
				01E535771AF42BDC00AF5FB8 /* LaunchScreen.xib */,
				01E5356C1AF42BDB00AF5FB8 /* Supporting Files */,
				01E5358E1AF42C0C00AF5FB8 /* SumOfMultiples.swift */,
			);
			path = SumOfMultiples;
			sourceTree = "<group>";
		};
		01E5356C1AF42BDB00AF5FB8 /* Supporting Files */ = {
			isa = PBXGroup;
			children = (
				01E5356D1AF42BDC00AF5FB8 /* Info.plist */,
			);
			name = "Supporting Files";
			sourceTree = "<group>";
		};
		01E535811AF42BDC00AF5FB8 /* SumOfMultiplesTests */ = {
			isa = PBXGroup;
			children = (
				01E535841AF42BDC00AF5FB8 /* SumOfMultiplesTests.swift */,
				01E535821AF42BDC00AF5FB8 /* Supporting Files */,
			);
			path = SumOfMultiplesTests;
			sourceTree = "<group>";
		};
		01E535821AF42BDC00AF5FB8 /* Supporting Files */ = {
			isa = PBXGroup;
			children = (
				01E535831AF42BDC00AF5FB8 /* Info.plist */,
			);
			name = "Supporting Files";
			sourceTree = "<group>";
		};
/* End PBXGroup section */

/* Begin PBXNativeTarget section */
		01E535681AF42BDB00AF5FB8 /* SumOfMultiples */ = {
			isa = PBXNativeTarget;
			buildConfigurationList = 01E535881AF42BDC00AF5FB8 /* Build configuration list for PBXNativeTarget "SumOfMultiples" */;
			buildPhases = (
				01E535651AF42BDB00AF5FB8 /* Sources */,
				01E535661AF42BDB00AF5FB8 /* Frameworks */,
				01E535671AF42BDB00AF5FB8 /* Resources */,
			);
			buildRules = (
			);
			dependencies = (
			);
			name = SumOfMultiples;
			productName = SumOfMultiples;
			productReference = 01E535691AF42BDB00AF5FB8 /* SumOfMultiples.app */;
			productType = "com.apple.product-type.application";
		};
		01E5357D1AF42BDC00AF5FB8 /* SumOfMultiplesTests */ = {
			isa = PBXNativeTarget;
			buildConfigurationList = 01E5358B1AF42BDC00AF5FB8 /* Build configuration list for PBXNativeTarget "SumOfMultiplesTests" */;
			buildPhases = (
				01E5357A1AF42BDC00AF5FB8 /* Sources */,
				01E5357B1AF42BDC00AF5FB8 /* Frameworks */,
				01E5357C1AF42BDC00AF5FB8 /* Resources */,
			);
			buildRules = (
			);
			dependencies = (
				01E535801AF42BDC00AF5FB8 /* PBXTargetDependency */,
			);
			name = SumOfMultiplesTests;
			productName = SumOfMultiplesTests;
			productReference = 01E5357E1AF42BDC00AF5FB8 /* SumOfMultiplesTests.xctest */;
			productType = "com.apple.product-type.bundle.unit-test";
		};
/* End PBXNativeTarget section */

/* Begin PBXProject section */
		01E535611AF42BDB00AF5FB8 /* Project object */ = {
			isa = PBXProject;
			attributes = {
				LastUpgradeCheck = 0630;
				ORGANIZATIONNAME = exercism;
				TargetAttributes = {
					01E535681AF42BDB00AF5FB8 = {
						CreatedOnToolsVersion = 6.3.1;
					};
					01E5357D1AF42BDC00AF5FB8 = {
						CreatedOnToolsVersion = 6.3.1;
						TestTargetID = 01E535681AF42BDB00AF5FB8;
					};
				};
			};
			buildConfigurationList = 01E535641AF42BDB00AF5FB8 /* Build configuration list for PBXProject "SumOfMultiples" */;
			compatibilityVersion = "Xcode 3.2";
			developmentRegion = English;
			hasScannedForEncodings = 0;
			knownRegions = (
				en,
				Base,
			);
			mainGroup = 01E535601AF42BDB00AF5FB8;
			productRefGroup = 01E5356A1AF42BDB00AF5FB8 /* Products */;
			projectDirPath = "";
			projectRoot = "";
			targets = (
				01E535681AF42BDB00AF5FB8 /* SumOfMultiples */,
				01E5357D1AF42BDC00AF5FB8 /* SumOfMultiplesTests */,
			);
		};
/* End PBXProject section */

/* Begin PBXResourcesBuildPhase section */
		01E535671AF42BDB00AF5FB8 /* Resources */ = {
			isa = PBXResourcesBuildPhase;
			buildActionMask = 2147483647;
			files = (
				01E535741AF42BDC00AF5FB8 /* Main.storyboard in Resources */,
				01E535791AF42BDC00AF5FB8 /* LaunchScreen.xib in Resources */,
				01E535761AF42BDC00AF5FB8 /* Images.xcassets in Resources */,
			);
			runOnlyForDeploymentPostprocessing = 0;
		};
		01E5357C1AF42BDC00AF5FB8 /* Resources */ = {
			isa = PBXResourcesBuildPhase;
			buildActionMask = 2147483647;
			files = (
			);
			runOnlyForDeploymentPostprocessing = 0;
		};
/* End PBXResourcesBuildPhase section */

/* Begin PBXSourcesBuildPhase section */
		01E535651AF42BDB00AF5FB8 /* Sources */ = {
			isa = PBXSourcesBuildPhase;
			buildActionMask = 2147483647;
			files = (
				01E535711AF42BDC00AF5FB8 /* ViewController.swift in Sources */,
				01E5356F1AF42BDC00AF5FB8 /* AppDelegate.swift in Sources */,
				01E5358F1AF42C0C00AF5FB8 /* SumOfMultiples.swift in Sources */,
			);
			runOnlyForDeploymentPostprocessing = 0;
		};
		01E5357A1AF42BDC00AF5FB8 /* Sources */ = {
			isa = PBXSourcesBuildPhase;
			buildActionMask = 2147483647;
			files = (
				01E535901AF433AD00AF5FB8 /* SumOfMultiples.swift in Sources */,
				01E535851AF42BDC00AF5FB8 /* SumOfMultiplesTests.swift in Sources */,
			);
			runOnlyForDeploymentPostprocessing = 0;
		};
/* End PBXSourcesBuildPhase section */

/* Begin PBXTargetDependency section */
		01E535801AF42BDC00AF5FB8 /* PBXTargetDependency */ = {
			isa = PBXTargetDependency;
			target = 01E535681AF42BDB00AF5FB8 /* SumOfMultiples */;
			targetProxy = 01E5357F1AF42BDC00AF5FB8 /* PBXContainerItemProxy */;
		};
/* End PBXTargetDependency section */

/* Begin PBXVariantGroup section */
		01E535721AF42BDC00AF5FB8 /* Main.storyboard */ = {
			isa = PBXVariantGroup;
			children = (
				01E535731AF42BDC00AF5FB8 /* Base */,
			);
			name = Main.storyboard;
			sourceTree = "<group>";
		};
		01E535771AF42BDC00AF5FB8 /* LaunchScreen.xib */ = {
			isa = PBXVariantGroup;
			children = (
				01E535781AF42BDC00AF5FB8 /* Base */,
			);
			name = LaunchScreen.xib;
			sourceTree = "<group>";
		};
/* End PBXVariantGroup section */

/* Begin XCBuildConfiguration section */
		01E535861AF42BDC00AF5FB8 /* Debug */ = {
			isa = XCBuildConfiguration;
			buildSettings = {
				ALWAYS_SEARCH_USER_PATHS = NO;
				CLANG_CXX_LANGUAGE_STANDARD = "gnu++0x";
				CLANG_CXX_LIBRARY = "libc++";
				CLANG_ENABLE_MODULES = YES;
				CLANG_ENABLE_OBJC_ARC = YES;
				CLANG_WARN_BOOL_CONVERSION = YES;
				CLANG_WARN_CONSTANT_CONVERSION = YES;
				CLANG_WARN_DIRECT_OBJC_ISA_USAGE = YES_ERROR;
				CLANG_WARN_EMPTY_BODY = YES;
				CLANG_WARN_ENUM_CONVERSION = YES;
				CLANG_WARN_INT_CONVERSION = YES;
				CLANG_WARN_OBJC_ROOT_CLASS = YES_ERROR;
				CLANG_WARN_UNREACHABLE_CODE = YES;
				CLANG_WARN__DUPLICATE_METHOD_MATCH = YES;
				"CODE_SIGN_IDENTITY[sdk=iphoneos*]" = "iPhone Developer";
				COPY_PHASE_STRIP = NO;
				DEBUG_INFORMATION_FORMAT = "dwarf-with-dsym";
				ENABLE_STRICT_OBJC_MSGSEND = YES;
				GCC_C_LANGUAGE_STANDARD = gnu99;
				GCC_DYNAMIC_NO_PIC = NO;
				GCC_NO_COMMON_BLOCKS = YES;
				GCC_OPTIMIZATION_LEVEL = 0;
				GCC_PREPROCESSOR_DEFINITIONS = (
					"DEBUG=1",
					"$(inherited)",
				);
				GCC_SYMBOLS_PRIVATE_EXTERN = NO;
				GCC_WARN_64_TO_32_BIT_CONVERSION = YES;
				GCC_WARN_ABOUT_RETURN_TYPE = YES_ERROR;
				GCC_WARN_UNDECLARED_SELECTOR = YES;
				GCC_WARN_UNINITIALIZED_AUTOS = YES_AGGRESSIVE;
				GCC_WARN_UNUSED_FUNCTION = YES;
				GCC_WARN_UNUSED_VARIABLE = YES;
				IPHONEOS_DEPLOYMENT_TARGET = 8.3;
				MTL_ENABLE_DEBUG_INFO = YES;
				ONLY_ACTIVE_ARCH = YES;
				SDKROOT = iphoneos;
				SWIFT_OPTIMIZATION_LEVEL = "-Onone";
			};
			name = Debug;
		};
		01E535871AF42BDC00AF5FB8 /* Release */ = {
			isa = XCBuildConfiguration;
			buildSettings = {
				ALWAYS_SEARCH_USER_PATHS = NO;
				CLANG_CXX_LANGUAGE_STANDARD = "gnu++0x";
				CLANG_CXX_LIBRARY = "libc++";
				CLANG_ENABLE_MODULES = YES;
				CLANG_ENABLE_OBJC_ARC = YES;
				CLANG_WARN_BOOL_CONVERSION = YES;
				CLANG_WARN_CONSTANT_CONVERSION = YES;
				CLANG_WARN_DIRECT_OBJC_ISA_USAGE = YES_ERROR;
				CLANG_WARN_EMPTY_BODY = YES;
				CLANG_WARN_ENUM_CONVERSION = YES;
				CLANG_WARN_INT_CONVERSION = YES;
				CLANG_WARN_OBJC_ROOT_CLASS = YES_ERROR;
				CLANG_WARN_UNREACHABLE_CODE = YES;
				CLANG_WARN__DUPLICATE_METHOD_MATCH = YES;
				"CODE_SIGN_IDENTITY[sdk=iphoneos*]" = "iPhone Developer";
				COPY_PHASE_STRIP = NO;
				DEBUG_INFORMATION_FORMAT = "dwarf-with-dsym";
				ENABLE_NS_ASSERTIONS = NO;
				ENABLE_STRICT_OBJC_MSGSEND = YES;
				GCC_C_LANGUAGE_STANDARD = gnu99;
				GCC_NO_COMMON_BLOCKS = YES;
				GCC_WARN_64_TO_32_BIT_CONVERSION = YES;
				GCC_WARN_ABOUT_RETURN_TYPE = YES_ERROR;
				GCC_WARN_UNDECLARED_SELECTOR = YES;
				GCC_WARN_UNINITIALIZED_AUTOS = YES_AGGRESSIVE;
				GCC_WARN_UNUSED_FUNCTION = YES;
				GCC_WARN_UNUSED_VARIABLE = YES;
				IPHONEOS_DEPLOYMENT_TARGET = 8.3;
				MTL_ENABLE_DEBUG_INFO = NO;
				SDKROOT = iphoneos;
				VALIDATE_PRODUCT = YES;
			};
			name = Release;
		};
		01E535891AF42BDC00AF5FB8 /* Debug */ = {
			isa = XCBuildConfiguration;
			buildSettings = {
				ASSETCATALOG_COMPILER_APPICON_NAME = AppIcon;
				INFOPLIST_FILE = SumOfMultiples/Info.plist;
				LD_RUNPATH_SEARCH_PATHS = "$(inherited) @executable_path/Frameworks";
				PRODUCT_NAME = "$(TARGET_NAME)";
			};
			name = Debug;
		};
		01E5358A1AF42BDC00AF5FB8 /* Release */ = {
			isa = XCBuildConfiguration;
			buildSettings = {
				ASSETCATALOG_COMPILER_APPICON_NAME = AppIcon;
				INFOPLIST_FILE = SumOfMultiples/Info.plist;
				LD_RUNPATH_SEARCH_PATHS = "$(inherited) @executable_path/Frameworks";
				PRODUCT_NAME = "$(TARGET_NAME)";
			};
			name = Release;
		};
		01E5358C1AF42BDC00AF5FB8 /* Debug */ = {
			isa = XCBuildConfiguration;
			buildSettings = {
				BUNDLE_LOADER = "$(TEST_HOST)";
				FRAMEWORK_SEARCH_PATHS = (
					"$(SDKROOT)/Developer/Library/Frameworks",
					"$(inherited)",
				);
				GCC_PREPROCESSOR_DEFINITIONS = (
					"DEBUG=1",
					"$(inherited)",
				);
				INFOPLIST_FILE = SumOfMultiplesTests/Info.plist;
				LD_RUNPATH_SEARCH_PATHS = "$(inherited) @executable_path/Frameworks @loader_path/Frameworks";
				PRODUCT_NAME = "$(TARGET_NAME)";
				TEST_HOST = "$(BUILT_PRODUCTS_DIR)/SumOfMultiples.app/SumOfMultiples";
			};
			name = Debug;
		};
		01E5358D1AF42BDC00AF5FB8 /* Release */ = {
			isa = XCBuildConfiguration;
			buildSettings = {
				BUNDLE_LOADER = "$(TEST_HOST)";
				FRAMEWORK_SEARCH_PATHS = (
					"$(SDKROOT)/Developer/Library/Frameworks",
					"$(inherited)",
				);
				INFOPLIST_FILE = SumOfMultiplesTests/Info.plist;
				LD_RUNPATH_SEARCH_PATHS = "$(inherited) @executable_path/Frameworks @loader_path/Frameworks";
				PRODUCT_NAME = "$(TARGET_NAME)";
				TEST_HOST = "$(BUILT_PRODUCTS_DIR)/SumOfMultiples.app/SumOfMultiples";
			};
			name = Release;
		};
/* End XCBuildConfiguration section */

/* Begin XCConfigurationList section */
		01E535641AF42BDB00AF5FB8 /* Build configuration list for PBXProject "SumOfMultiples" */ = {
			isa = XCConfigurationList;
			buildConfigurations = (
				01E535861AF42BDC00AF5FB8 /* Debug */,
				01E535871AF42BDC00AF5FB8 /* Release */,
			);
			defaultConfigurationIsVisible = 0;
			defaultConfigurationName = Release;
		};
		01E535881AF42BDC00AF5FB8 /* Build configuration list for PBXNativeTarget "SumOfMultiples" */ = {
			isa = XCConfigurationList;
			buildConfigurations = (
				01E535891AF42BDC00AF5FB8 /* Debug */,
				01E5358A1AF42BDC00AF5FB8 /* Release */,
			);
			defaultConfigurationIsVisible = 0;
		};
		01E5358B1AF42BDC00AF5FB8 /* Build configuration list for PBXNativeTarget "SumOfMultiplesTests" */ = {
			isa = XCConfigurationList;
			buildConfigurations = (
				01E5358C1AF42BDC00AF5FB8 /* Debug */,
				01E5358D1AF42BDC00AF5FB8 /* Release */,
			);
			defaultConfigurationIsVisible = 0;
		};
/* End XCConfigurationList section */
	};
	rootObject = 01E535611AF42BDB00AF5FB8 /* Project object */;
}
