// !$*UTF8*$!
{
	archiveVersion = 1;
	classes = {
	};
	objectVersion = 46;
	objects = {

/* Begin PBXBuildFile section */
		01895E1A1AE0184C005485C8 /* AppDelegate.swift in Sources */ = {isa = PBXBuildFile; fileRef = 01895E191AE0184C005485C8 /* AppDelegate.swift */; };
		01895E1C1AE0184C005485C8 /* ViewController.swift in Sources */ = {isa = PBXBuildFile; fileRef = 01895E1B1AE0184C005485C8 /* ViewController.swift */; };
		01895E1F1AE0184C005485C8 /* Main.storyboard in Resources */ = {isa = PBXBuildFile; fileRef = 01895E1D1AE0184C005485C8 /* Main.storyboard */; };
		01895E211AE0184C005485C8 /* Images.xcassets in Resources */ = {isa = PBXBuildFile; fileRef = 01895E201AE0184C005485C8 /* Images.xcassets */; };
		01895E241AE0184C005485C8 /* LaunchScreen.xib in Resources */ = {isa = PBXBuildFile; fileRef = 01895E221AE0184C005485C8 /* LaunchScreen.xib */; };
		01895E301AE0184C005485C8 /* WordCountTests.swift in Sources */ = {isa = PBXBuildFile; fileRef = 01895E2F1AE0184C005485C8 /* WordCountTests.swift */; };
		01895E3A1AE01883005485C8 /* WordCount.swift in Sources */ = {isa = PBXBuildFile; fileRef = 01895E391AE01883005485C8 /* WordCount.swift */; };
		01895E3B1AE01883005485C8 /* WordCount.swift in Sources */ = {isa = PBXBuildFile; fileRef = 01895E391AE01883005485C8 /* WordCount.swift */; };
/* End PBXBuildFile section */

/* Begin PBXContainerItemProxy section */
		01895E2A1AE0184C005485C8 /* PBXContainerItemProxy */ = {
			isa = PBXContainerItemProxy;
			containerPortal = 01895E0C1AE0184B005485C8 /* Project object */;
			proxyType = 1;
			remoteGlobalIDString = 01895E131AE0184C005485C8;
			remoteInfo = WordCount;
		};
/* End PBXContainerItemProxy section */

/* Begin PBXFileReference section */
		01895E141AE0184C005485C8 /* WordCount.app */ = {isa = PBXFileReference; explicitFileType = wrapper.application; includeInIndex = 0; path = WordCount.app; sourceTree = BUILT_PRODUCTS_DIR; };
		01895E181AE0184C005485C8 /* Info.plist */ = {isa = PBXFileReference; lastKnownFileType = text.plist.xml; path = Info.plist; sourceTree = "<group>"; };
		01895E191AE0184C005485C8 /* AppDelegate.swift */ = {isa = PBXFileReference; lastKnownFileType = sourcecode.swift; path = AppDelegate.swift; sourceTree = "<group>"; };
		01895E1B1AE0184C005485C8 /* ViewController.swift */ = {isa = PBXFileReference; lastKnownFileType = sourcecode.swift; path = ViewController.swift; sourceTree = "<group>"; };
		01895E1E1AE0184C005485C8 /* Base */ = {isa = PBXFileReference; lastKnownFileType = file.storyboard; name = Base; path = Base.lproj/Main.storyboard; sourceTree = "<group>"; };
		01895E201AE0184C005485C8 /* Images.xcassets */ = {isa = PBXFileReference; lastKnownFileType = folder.assetcatalog; path = Images.xcassets; sourceTree = "<group>"; };
		01895E231AE0184C005485C8 /* Base */ = {isa = PBXFileReference; lastKnownFileType = file.xib; name = Base; path = Base.lproj/LaunchScreen.xib; sourceTree = "<group>"; };
		01895E291AE0184C005485C8 /* WordCountTests.xctest */ = {isa = PBXFileReference; explicitFileType = wrapper.cfbundle; includeInIndex = 0; path = WordCountTests.xctest; sourceTree = BUILT_PRODUCTS_DIR; };
		01895E2E1AE0184C005485C8 /* Info.plist */ = {isa = PBXFileReference; lastKnownFileType = text.plist.xml; path = Info.plist; sourceTree = "<group>"; };
		01895E2F1AE0184C005485C8 /* WordCountTests.swift */ = {isa = PBXFileReference; lastKnownFileType = sourcecode.swift; path = WordCountTests.swift; sourceTree = "<group>"; };
		01895E391AE01883005485C8 /* WordCount.swift */ = {isa = PBXFileReference; fileEncoding = 4; lastKnownFileType = sourcecode.swift; path = WordCount.swift; sourceTree = "<group>"; };
/* End PBXFileReference section */

/* Begin PBXFrameworksBuildPhase section */
		01895E111AE0184C005485C8 /* Frameworks */ = {
			isa = PBXFrameworksBuildPhase;
			buildActionMask = 2147483647;
			files = (
			);
			runOnlyForDeploymentPostprocessing = 0;
		};
		01895E261AE0184C005485C8 /* Frameworks */ = {
			isa = PBXFrameworksBuildPhase;
			buildActionMask = 2147483647;
			files = (
			);
			runOnlyForDeploymentPostprocessing = 0;
		};
/* End PBXFrameworksBuildPhase section */

/* Begin PBXGroup section */
		01895E0B1AE0184B005485C8 = {
			isa = PBXGroup;
			children = (
				01895E161AE0184C005485C8 /* WordCount */,
				01895E2C1AE0184C005485C8 /* WordCountTests */,
				01895E151AE0184C005485C8 /* Products */,
			);
			sourceTree = "<group>";
		};
		01895E151AE0184C005485C8 /* Products */ = {
			isa = PBXGroup;
			children = (
				01895E141AE0184C005485C8 /* WordCount.app */,
				01895E291AE0184C005485C8 /* WordCountTests.xctest */,
			);
			name = Products;
			sourceTree = "<group>";
		};
		01895E161AE0184C005485C8 /* WordCount */ = {
			isa = PBXGroup;
			children = (
				01895E191AE0184C005485C8 /* AppDelegate.swift */,
				01895E1B1AE0184C005485C8 /* ViewController.swift */,
				01895E1D1AE0184C005485C8 /* Main.storyboard */,
				01895E201AE0184C005485C8 /* Images.xcassets */,
				01895E221AE0184C005485C8 /* LaunchScreen.xib */,
				01895E171AE0184C005485C8 /* Supporting Files */,
				01895E391AE01883005485C8 /* WordCount.swift */,
			);
			path = WordCount;
			sourceTree = "<group>";
		};
		01895E171AE0184C005485C8 /* Supporting Files */ = {
			isa = PBXGroup;
			children = (
				01895E181AE0184C005485C8 /* Info.plist */,
			);
			name = "Supporting Files";
			sourceTree = "<group>";
		};
		01895E2C1AE0184C005485C8 /* WordCountTests */ = {
			isa = PBXGroup;
			children = (
				01895E2F1AE0184C005485C8 /* WordCountTests.swift */,
				01895E2D1AE0184C005485C8 /* Supporting Files */,
			);
			path = WordCountTests;
			sourceTree = "<group>";
		};
		01895E2D1AE0184C005485C8 /* Supporting Files */ = {
			isa = PBXGroup;
			children = (
				01895E2E1AE0184C005485C8 /* Info.plist */,
			);
			name = "Supporting Files";
			sourceTree = "<group>";
		};
/* End PBXGroup section */

/* Begin PBXNativeTarget section */
		01895E131AE0184C005485C8 /* WordCount */ = {
			isa = PBXNativeTarget;
			buildConfigurationList = 01895E331AE0184C005485C8 /* Build configuration list for PBXNativeTarget "WordCount" */;
			buildPhases = (
				01895E101AE0184C005485C8 /* Sources */,
				01895E111AE0184C005485C8 /* Frameworks */,
				01895E121AE0184C005485C8 /* Resources */,
			);
			buildRules = (
			);
			dependencies = (
			);
			name = WordCount;
			productName = WordCount;
			productReference = 01895E141AE0184C005485C8 /* WordCount.app */;
			productType = "com.apple.product-type.application";
		};
		01895E281AE0184C005485C8 /* WordCountTests */ = {
			isa = PBXNativeTarget;
			buildConfigurationList = 01895E361AE0184C005485C8 /* Build configuration list for PBXNativeTarget "WordCountTests" */;
			buildPhases = (
				01895E251AE0184C005485C8 /* Sources */,
				01895E261AE0184C005485C8 /* Frameworks */,
				01895E271AE0184C005485C8 /* Resources */,
			);
			buildRules = (
			);
			dependencies = (
				01895E2B1AE0184C005485C8 /* PBXTargetDependency */,
			);
			name = WordCountTests;
			productName = WordCountTests;
			productReference = 01895E291AE0184C005485C8 /* WordCountTests.xctest */;
			productType = "com.apple.product-type.bundle.unit-test";
		};
/* End PBXNativeTarget section */

/* Begin PBXProject section */
		01895E0C1AE0184B005485C8 /* Project object */ = {
			isa = PBXProject;
			attributes = {
				LastUpgradeCheck = 0630;
				ORGANIZATIONNAME = exercism;
				TargetAttributes = {
					01895E131AE0184C005485C8 = {
						CreatedOnToolsVersion = 6.3;
					};
					01895E281AE0184C005485C8 = {
						CreatedOnToolsVersion = 6.3;
						TestTargetID = 01895E131AE0184C005485C8;
					};
				};
			};
			buildConfigurationList = 01895E0F1AE0184B005485C8 /* Build configuration list for PBXProject "WordCount" */;
			compatibilityVersion = "Xcode 3.2";
			developmentRegion = English;
			hasScannedForEncodings = 0;
			knownRegions = (
				en,
				Base,
			);
			mainGroup = 01895E0B1AE0184B005485C8;
			productRefGroup = 01895E151AE0184C005485C8 /* Products */;
			projectDirPath = "";
			projectRoot = "";
			targets = (
				01895E131AE0184C005485C8 /* WordCount */,
				01895E281AE0184C005485C8 /* WordCountTests */,
			);
		};
/* End PBXProject section */

/* Begin PBXResourcesBuildPhase section */
		01895E121AE0184C005485C8 /* Resources */ = {
			isa = PBXResourcesBuildPhase;
			buildActionMask = 2147483647;
			files = (
				01895E1F1AE0184C005485C8 /* Main.storyboard in Resources */,
				01895E241AE0184C005485C8 /* LaunchScreen.xib in Resources */,
				01895E211AE0184C005485C8 /* Images.xcassets in Resources */,
			);
			runOnlyForDeploymentPostprocessing = 0;
		};
		01895E271AE0184C005485C8 /* Resources */ = {
			isa = PBXResourcesBuildPhase;
			buildActionMask = 2147483647;
			files = (
			);
			runOnlyForDeploymentPostprocessing = 0;
		};
/* End PBXResourcesBuildPhase section */

/* Begin PBXSourcesBuildPhase section */
		01895E101AE0184C005485C8 /* Sources */ = {
			isa = PBXSourcesBuildPhase;
			buildActionMask = 2147483647;
			files = (
				01895E3A1AE01883005485C8 /* WordCount.swift in Sources */,
				01895E1C1AE0184C005485C8 /* ViewController.swift in Sources */,
				01895E1A1AE0184C005485C8 /* AppDelegate.swift in Sources */,
			);
			runOnlyForDeploymentPostprocessing = 0;
		};
		01895E251AE0184C005485C8 /* Sources */ = {
			isa = PBXSourcesBuildPhase;
			buildActionMask = 2147483647;
			files = (
				01895E301AE0184C005485C8 /* WordCountTests.swift in Sources */,
				01895E3B1AE01883005485C8 /* WordCount.swift in Sources */,
			);
			runOnlyForDeploymentPostprocessing = 0;
		};
/* End PBXSourcesBuildPhase section */

/* Begin PBXTargetDependency section */
		01895E2B1AE0184C005485C8 /* PBXTargetDependency */ = {
			isa = PBXTargetDependency;
			target = 01895E131AE0184C005485C8 /* WordCount */;
			targetProxy = 01895E2A1AE0184C005485C8 /* PBXContainerItemProxy */;
		};
/* End PBXTargetDependency section */

/* Begin PBXVariantGroup section */
		01895E1D1AE0184C005485C8 /* Main.storyboard */ = {
			isa = PBXVariantGroup;
			children = (
				01895E1E1AE0184C005485C8 /* Base */,
			);
			name = Main.storyboard;
			sourceTree = "<group>";
		};
		01895E221AE0184C005485C8 /* LaunchScreen.xib */ = {
			isa = PBXVariantGroup;
			children = (
				01895E231AE0184C005485C8 /* Base */,
			);
			name = LaunchScreen.xib;
			sourceTree = "<group>";
		};
/* End PBXVariantGroup section */

/* Begin XCBuildConfiguration section */
		01895E311AE0184C005485C8 /* Debug */ = {
			isa = XCBuildConfiguration;
			buildSettings = {
				ALWAYS_SEARCH_USER_PATHS = NO;
				CLANG_CXX_LANGUAGE_STANDARD = "gnu++0x";
				CLANG_CXX_LIBRARY = "libc++";
				CLANG_ENABLE_MODULES = YES;
				CLANG_ENABLE_OBJC_ARC = YES;
				CLANG_WARN_BOOL_CONVERSION = YES;
				CLANG_WARN_CONSTANT_CONVERSION = YES;
				CLANG_WARN_DIRECT_OBJC_ISA_USAGE = YES_ERROR;
				CLANG_WARN_EMPTY_BODY = YES;
				CLANG_WARN_ENUM_CONVERSION = YES;
				CLANG_WARN_INT_CONVERSION = YES;
				CLANG_WARN_OBJC_ROOT_CLASS = YES_ERROR;
				CLANG_WARN_UNREACHABLE_CODE = YES;
				CLANG_WARN__DUPLICATE_METHOD_MATCH = YES;
				"CODE_SIGN_IDENTITY[sdk=iphoneos*]" = "iPhone Developer";
				COPY_PHASE_STRIP = NO;
				DEBUG_INFORMATION_FORMAT = "dwarf-with-dsym";
				ENABLE_STRICT_OBJC_MSGSEND = YES;
				GCC_C_LANGUAGE_STANDARD = gnu99;
				GCC_DYNAMIC_NO_PIC = NO;
				GCC_NO_COMMON_BLOCKS = YES;
				GCC_OPTIMIZATION_LEVEL = 0;
				GCC_PREPROCESSOR_DEFINITIONS = (
					"DEBUG=1",
					"$(inherited)",
				);
				GCC_SYMBOLS_PRIVATE_EXTERN = NO;
				GCC_WARN_64_TO_32_BIT_CONVERSION = YES;
				GCC_WARN_ABOUT_RETURN_TYPE = YES_ERROR;
				GCC_WARN_UNDECLARED_SELECTOR = YES;
				GCC_WARN_UNINITIALIZED_AUTOS = YES_AGGRESSIVE;
				GCC_WARN_UNUSED_FUNCTION = YES;
				GCC_WARN_UNUSED_VARIABLE = YES;
				IPHONEOS_DEPLOYMENT_TARGET = 8.3;
				MTL_ENABLE_DEBUG_INFO = YES;
				ONLY_ACTIVE_ARCH = YES;
				SDKROOT = iphoneos;
				SWIFT_OPTIMIZATION_LEVEL = "-Onone";
			};
			name = Debug;
		};
		01895E321AE0184C005485C8 /* Release */ = {
			isa = XCBuildConfiguration;
			buildSettings = {
				ALWAYS_SEARCH_USER_PATHS = NO;
				CLANG_CXX_LANGUAGE_STANDARD = "gnu++0x";
				CLANG_CXX_LIBRARY = "libc++";
				CLANG_ENABLE_MODULES = YES;
				CLANG_ENABLE_OBJC_ARC = YES;
				CLANG_WARN_BOOL_CONVERSION = YES;
				CLANG_WARN_CONSTANT_CONVERSION = YES;
				CLANG_WARN_DIRECT_OBJC_ISA_USAGE = YES_ERROR;
				CLANG_WARN_EMPTY_BODY = YES;
				CLANG_WARN_ENUM_CONVERSION = YES;
				CLANG_WARN_INT_CONVERSION = YES;
				CLANG_WARN_OBJC_ROOT_CLASS = YES_ERROR;
				CLANG_WARN_UNREACHABLE_CODE = YES;
				CLANG_WARN__DUPLICATE_METHOD_MATCH = YES;
				"CODE_SIGN_IDENTITY[sdk=iphoneos*]" = "iPhone Developer";
				COPY_PHASE_STRIP = NO;
				DEBUG_INFORMATION_FORMAT = "dwarf-with-dsym";
				ENABLE_NS_ASSERTIONS = NO;
				ENABLE_STRICT_OBJC_MSGSEND = YES;
				GCC_C_LANGUAGE_STANDARD = gnu99;
				GCC_NO_COMMON_BLOCKS = YES;
				GCC_WARN_64_TO_32_BIT_CONVERSION = YES;
				GCC_WARN_ABOUT_RETURN_TYPE = YES_ERROR;
				GCC_WARN_UNDECLARED_SELECTOR = YES;
				GCC_WARN_UNINITIALIZED_AUTOS = YES_AGGRESSIVE;
				GCC_WARN_UNUSED_FUNCTION = YES;
				GCC_WARN_UNUSED_VARIABLE = YES;
				IPHONEOS_DEPLOYMENT_TARGET = 8.3;
				MTL_ENABLE_DEBUG_INFO = NO;
				SDKROOT = iphoneos;
				VALIDATE_PRODUCT = YES;
			};
			name = Release;
		};
		01895E341AE0184C005485C8 /* Debug */ = {
			isa = XCBuildConfiguration;
			buildSettings = {
				ASSETCATALOG_COMPILER_APPICON_NAME = AppIcon;
				INFOPLIST_FILE = WordCount/Info.plist;
				LD_RUNPATH_SEARCH_PATHS = "$(inherited) @executable_path/Frameworks";
				PRODUCT_NAME = "$(TARGET_NAME)";
			};
			name = Debug;
		};
		01895E351AE0184C005485C8 /* Release */ = {
			isa = XCBuildConfiguration;
			buildSettings = {
				ASSETCATALOG_COMPILER_APPICON_NAME = AppIcon;
				INFOPLIST_FILE = WordCount/Info.plist;
				LD_RUNPATH_SEARCH_PATHS = "$(inherited) @executable_path/Frameworks";
				PRODUCT_NAME = "$(TARGET_NAME)";
			};
			name = Release;
		};
		01895E371AE0184C005485C8 /* Debug */ = {
			isa = XCBuildConfiguration;
			buildSettings = {
				BUNDLE_LOADER = "$(TEST_HOST)";
				FRAMEWORK_SEARCH_PATHS = (
					"$(SDKROOT)/Developer/Library/Frameworks",
					"$(inherited)",
				);
				GCC_PREPROCESSOR_DEFINITIONS = (
					"DEBUG=1",
					"$(inherited)",
				);
				INFOPLIST_FILE = WordCountTests/Info.plist;
				LD_RUNPATH_SEARCH_PATHS = "$(inherited) @executable_path/Frameworks @loader_path/Frameworks";
				PRODUCT_NAME = "$(TARGET_NAME)";
				TEST_HOST = "$(BUILT_PRODUCTS_DIR)/WordCount.app/WordCount";
			};
			name = Debug;
		};
		01895E381AE0184C005485C8 /* Release */ = {
			isa = XCBuildConfiguration;
			buildSettings = {
				BUNDLE_LOADER = "$(TEST_HOST)";
				FRAMEWORK_SEARCH_PATHS = (
					"$(SDKROOT)/Developer/Library/Frameworks",
					"$(inherited)",
				);
				INFOPLIST_FILE = WordCountTests/Info.plist;
				LD_RUNPATH_SEARCH_PATHS = "$(inherited) @executable_path/Frameworks @loader_path/Frameworks";
				PRODUCT_NAME = "$(TARGET_NAME)";
				TEST_HOST = "$(BUILT_PRODUCTS_DIR)/WordCount.app/WordCount";
			};
			name = Release;
		};
/* End XCBuildConfiguration section */

/* Begin XCConfigurationList section */
		01895E0F1AE0184B005485C8 /* Build configuration list for PBXProject "WordCount" */ = {
			isa = XCConfigurationList;
			buildConfigurations = (
				01895E311AE0184C005485C8 /* Debug */,
				01895E321AE0184C005485C8 /* Release */,
			);
			defaultConfigurationIsVisible = 0;
			defaultConfigurationName = Release;
		};
		01895E331AE0184C005485C8 /* Build configuration list for PBXNativeTarget "WordCount" */ = {
			isa = XCConfigurationList;
			buildConfigurations = (
				01895E341AE0184C005485C8 /* Debug */,
				01895E351AE0184C005485C8 /* Release */,
			);
			defaultConfigurationIsVisible = 0;
		};
		01895E361AE0184C005485C8 /* Build configuration list for PBXNativeTarget "WordCountTests" */ = {
			isa = XCConfigurationList;
			buildConfigurations = (
				01895E371AE0184C005485C8 /* Debug */,
				01895E381AE0184C005485C8 /* Release */,
			);
			defaultConfigurationIsVisible = 0;
		};
/* End XCConfigurationList section */
	};
	rootObject = 01895E0C1AE0184B005485C8 /* Project object */;
}
