// !$*UTF8*$!
{
	archiveVersion = 1;
	classes = {
	};
	objectVersion = 46;
	objects = {

/* Begin PBXBuildFile section */
		013222C61AEAAE170066CBE8 /* AppDelegate.swift in Sources */ = {isa = PBXBuildFile; fileRef = 013222C51AEAAE170066CBE8 /* AppDelegate.swift */; };
		013222C81AEAAE170066CBE8 /* ViewController.swift in Sources */ = {isa = PBXBuildFile; fileRef = 013222C71AEAAE170066CBE8 /* ViewController.swift */; };
		013222CB1AEAAE170066CBE8 /* Main.storyboard in Resources */ = {isa = PBXBuildFile; fileRef = 013222C91AEAAE170066CBE8 /* Main.storyboard */; };
		013222CD1AEAAE170066CBE8 /* Images.xcassets in Resources */ = {isa = PBXBuildFile; fileRef = 013222CC1AEAAE170066CBE8 /* Images.xcassets */; };
		013222D01AEAAE170066CBE8 /* LaunchScreen.xib in Resources */ = {isa = PBXBuildFile; fileRef = 013222CE1AEAAE170066CBE8 /* LaunchScreen.xib */; };
		013222DC1AEAAE180066CBE8 /* GradeSchoolTests.swift in Sources */ = {isa = PBXBuildFile; fileRef = 013222DB1AEAAE180066CBE8 /* GradeSchoolTests.swift */; };
		013222E61AEAAE4C0066CBE8 /* GradeSchool.swift in Sources */ = {isa = PBXBuildFile; fileRef = 013222E51AEAAE4C0066CBE8 /* GradeSchool.swift */; };
		013222E71AEAAE4C0066CBE8 /* GradeSchool.swift in Sources */ = {isa = PBXBuildFile; fileRef = 013222E51AEAAE4C0066CBE8 /* GradeSchool.swift */; };
/* End PBXBuildFile section */

/* Begin PBXContainerItemProxy section */
		013222D61AEAAE180066CBE8 /* PBXContainerItemProxy */ = {
			isa = PBXContainerItemProxy;
			containerPortal = 013222B81AEAAE170066CBE8 /* Project object */;
			proxyType = 1;
			remoteGlobalIDString = 013222BF1AEAAE170066CBE8;
			remoteInfo = GradeSchool;
		};
/* End PBXContainerItemProxy section */

/* Begin PBXFileReference section */
		013222C01AEAAE170066CBE8 /* GradeSchool.app */ = {isa = PBXFileReference; explicitFileType = wrapper.application; includeInIndex = 0; path = GradeSchool.app; sourceTree = BUILT_PRODUCTS_DIR; };
		013222C41AEAAE170066CBE8 /* Info.plist */ = {isa = PBXFileReference; lastKnownFileType = text.plist.xml; path = Info.plist; sourceTree = "<group>"; };
		013222C51AEAAE170066CBE8 /* AppDelegate.swift */ = {isa = PBXFileReference; lastKnownFileType = sourcecode.swift; path = AppDelegate.swift; sourceTree = "<group>"; };
		013222C71AEAAE170066CBE8 /* ViewController.swift */ = {isa = PBXFileReference; lastKnownFileType = sourcecode.swift; path = ViewController.swift; sourceTree = "<group>"; };
		013222CA1AEAAE170066CBE8 /* Base */ = {isa = PBXFileReference; lastKnownFileType = file.storyboard; name = Base; path = Base.lproj/Main.storyboard; sourceTree = "<group>"; };
		013222CC1AEAAE170066CBE8 /* Images.xcassets */ = {isa = PBXFileReference; lastKnownFileType = folder.assetcatalog; path = Images.xcassets; sourceTree = "<group>"; };
		013222CF1AEAAE170066CBE8 /* Base */ = {isa = PBXFileReference; lastKnownFileType = file.xib; name = Base; path = Base.lproj/LaunchScreen.xib; sourceTree = "<group>"; };
		013222D51AEAAE180066CBE8 /* GradeSchoolTests.xctest */ = {isa = PBXFileReference; explicitFileType = wrapper.cfbundle; includeInIndex = 0; path = GradeSchoolTests.xctest; sourceTree = BUILT_PRODUCTS_DIR; };
		013222DA1AEAAE180066CBE8 /* Info.plist */ = {isa = PBXFileReference; lastKnownFileType = text.plist.xml; path = Info.plist; sourceTree = "<group>"; };
		013222DB1AEAAE180066CBE8 /* GradeSchoolTests.swift */ = {isa = PBXFileReference; lastKnownFileType = sourcecode.swift; path = GradeSchoolTests.swift; sourceTree = "<group>"; };
		013222E51AEAAE4C0066CBE8 /* GradeSchool.swift */ = {isa = PBXFileReference; fileEncoding = 4; lastKnownFileType = sourcecode.swift; path = GradeSchool.swift; sourceTree = "<group>"; };
/* End PBXFileReference section */

/* Begin PBXFrameworksBuildPhase section */
		013222BD1AEAAE170066CBE8 /* Frameworks */ = {
			isa = PBXFrameworksBuildPhase;
			buildActionMask = 2147483647;
			files = (
			);
			runOnlyForDeploymentPostprocessing = 0;
		};
		013222D21AEAAE180066CBE8 /* Frameworks */ = {
			isa = PBXFrameworksBuildPhase;
			buildActionMask = 2147483647;
			files = (
			);
			runOnlyForDeploymentPostprocessing = 0;
		};
/* End PBXFrameworksBuildPhase section */

/* Begin PBXGroup section */
		013222B71AEAAE170066CBE8 = {
			isa = PBXGroup;
			children = (
				013222C21AEAAE170066CBE8 /* GradeSchool */,
				013222D81AEAAE180066CBE8 /* GradeSchoolTests */,
				013222C11AEAAE170066CBE8 /* Products */,
			);
			sourceTree = "<group>";
		};
		013222C11AEAAE170066CBE8 /* Products */ = {
			isa = PBXGroup;
			children = (
				013222C01AEAAE170066CBE8 /* GradeSchool.app */,
				013222D51AEAAE180066CBE8 /* GradeSchoolTests.xctest */,
			);
			name = Products;
			sourceTree = "<group>";
		};
		013222C21AEAAE170066CBE8 /* GradeSchool */ = {
			isa = PBXGroup;
			children = (
				013222C51AEAAE170066CBE8 /* AppDelegate.swift */,
				013222C71AEAAE170066CBE8 /* ViewController.swift */,
				013222C91AEAAE170066CBE8 /* Main.storyboard */,
				013222CC1AEAAE170066CBE8 /* Images.xcassets */,
				013222CE1AEAAE170066CBE8 /* LaunchScreen.xib */,
				013222C31AEAAE170066CBE8 /* Supporting Files */,
				013222E51AEAAE4C0066CBE8 /* GradeSchool.swift */,
			);
			path = GradeSchool;
			sourceTree = "<group>";
		};
		013222C31AEAAE170066CBE8 /* Supporting Files */ = {
			isa = PBXGroup;
			children = (
				013222C41AEAAE170066CBE8 /* Info.plist */,
			);
			name = "Supporting Files";
			sourceTree = "<group>";
		};
		013222D81AEAAE180066CBE8 /* GradeSchoolTests */ = {
			isa = PBXGroup;
			children = (
				013222DB1AEAAE180066CBE8 /* GradeSchoolTests.swift */,
				013222D91AEAAE180066CBE8 /* Supporting Files */,
			);
			path = GradeSchoolTests;
			sourceTree = "<group>";
		};
		013222D91AEAAE180066CBE8 /* Supporting Files */ = {
			isa = PBXGroup;
			children = (
				013222DA1AEAAE180066CBE8 /* Info.plist */,
			);
			name = "Supporting Files";
			sourceTree = "<group>";
		};
/* End PBXGroup section */

/* Begin PBXNativeTarget section */
		013222BF1AEAAE170066CBE8 /* GradeSchool */ = {
			isa = PBXNativeTarget;
			buildConfigurationList = 013222DF1AEAAE180066CBE8 /* Build configuration list for PBXNativeTarget "GradeSchool" */;
			buildPhases = (
				013222BC1AEAAE170066CBE8 /* Sources */,
				013222BD1AEAAE170066CBE8 /* Frameworks */,
				013222BE1AEAAE170066CBE8 /* Resources */,
			);
			buildRules = (
			);
			dependencies = (
			);
			name = GradeSchool;
			productName = GradeSchool;
			productReference = 013222C01AEAAE170066CBE8 /* GradeSchool.app */;
			productType = "com.apple.product-type.application";
		};
		013222D41AEAAE180066CBE8 /* GradeSchoolTests */ = {
			isa = PBXNativeTarget;
			buildConfigurationList = 013222E21AEAAE180066CBE8 /* Build configuration list for PBXNativeTarget "GradeSchoolTests" */;
			buildPhases = (
				013222D11AEAAE180066CBE8 /* Sources */,
				013222D21AEAAE180066CBE8 /* Frameworks */,
				013222D31AEAAE180066CBE8 /* Resources */,
			);
			buildRules = (
			);
			dependencies = (
				013222D71AEAAE180066CBE8 /* PBXTargetDependency */,
			);
			name = GradeSchoolTests;
			productName = GradeSchoolTests;
			productReference = 013222D51AEAAE180066CBE8 /* GradeSchoolTests.xctest */;
			productType = "com.apple.product-type.bundle.unit-test";
		};
/* End PBXNativeTarget section */

/* Begin PBXProject section */
		013222B81AEAAE170066CBE8 /* Project object */ = {
			isa = PBXProject;
			attributes = {
				LastUpgradeCheck = 0630;
				ORGANIZATIONNAME = exercism;
				TargetAttributes = {
					013222BF1AEAAE170066CBE8 = {
						CreatedOnToolsVersion = 6.3.1;
					};
					013222D41AEAAE180066CBE8 = {
						CreatedOnToolsVersion = 6.3.1;
						TestTargetID = 013222BF1AEAAE170066CBE8;
					};
				};
			};
			buildConfigurationList = 013222BB1AEAAE170066CBE8 /* Build configuration list for PBXProject "GradeSchool" */;
			compatibilityVersion = "Xcode 3.2";
			developmentRegion = English;
			hasScannedForEncodings = 0;
			knownRegions = (
				en,
				Base,
			);
			mainGroup = 013222B71AEAAE170066CBE8;
			productRefGroup = 013222C11AEAAE170066CBE8 /* Products */;
			projectDirPath = "";
			projectRoot = "";
			targets = (
				013222BF1AEAAE170066CBE8 /* GradeSchool */,
				013222D41AEAAE180066CBE8 /* GradeSchoolTests */,
			);
		};
/* End PBXProject section */

/* Begin PBXResourcesBuildPhase section */
		013222BE1AEAAE170066CBE8 /* Resources */ = {
			isa = PBXResourcesBuildPhase;
			buildActionMask = 2147483647;
			files = (
				013222CB1AEAAE170066CBE8 /* Main.storyboard in Resources */,
				013222D01AEAAE170066CBE8 /* LaunchScreen.xib in Resources */,
				013222CD1AEAAE170066CBE8 /* Images.xcassets in Resources */,
			);
			runOnlyForDeploymentPostprocessing = 0;
		};
		013222D31AEAAE180066CBE8 /* Resources */ = {
			isa = PBXResourcesBuildPhase;
			buildActionMask = 2147483647;
			files = (
			);
			runOnlyForDeploymentPostprocessing = 0;
		};
/* End PBXResourcesBuildPhase section */

/* Begin PBXSourcesBuildPhase section */
		013222BC1AEAAE170066CBE8 /* Sources */ = {
			isa = PBXSourcesBuildPhase;
			buildActionMask = 2147483647;
			files = (
				013222C81AEAAE170066CBE8 /* ViewController.swift in Sources */,
				013222C61AEAAE170066CBE8 /* AppDelegate.swift in Sources */,
				013222E61AEAAE4C0066CBE8 /* GradeSchool.swift in Sources */,
			);
			runOnlyForDeploymentPostprocessing = 0;
		};
		013222D11AEAAE180066CBE8 /* Sources */ = {
			isa = PBXSourcesBuildPhase;
			buildActionMask = 2147483647;
			files = (
				013222DC1AEAAE180066CBE8 /* GradeSchoolTests.swift in Sources */,
				013222E71AEAAE4C0066CBE8 /* GradeSchool.swift in Sources */,
			);
			runOnlyForDeploymentPostprocessing = 0;
		};
/* End PBXSourcesBuildPhase section */

/* Begin PBXTargetDependency section */
		013222D71AEAAE180066CBE8 /* PBXTargetDependency */ = {
			isa = PBXTargetDependency;
			target = 013222BF1AEAAE170066CBE8 /* GradeSchool */;
			targetProxy = 013222D61AEAAE180066CBE8 /* PBXContainerItemProxy */;
		};
/* End PBXTargetDependency section */

/* Begin PBXVariantGroup section */
		013222C91AEAAE170066CBE8 /* Main.storyboard */ = {
			isa = PBXVariantGroup;
			children = (
				013222CA1AEAAE170066CBE8 /* Base */,
			);
			name = Main.storyboard;
			sourceTree = "<group>";
		};
		013222CE1AEAAE170066CBE8 /* LaunchScreen.xib */ = {
			isa = PBXVariantGroup;
			children = (
				013222CF1AEAAE170066CBE8 /* Base */,
			);
			name = LaunchScreen.xib;
			sourceTree = "<group>";
		};
/* End PBXVariantGroup section */

/* Begin XCBuildConfiguration section */
		013222DD1AEAAE180066CBE8 /* Debug */ = {
			isa = XCBuildConfiguration;
			buildSettings = {
				ALWAYS_SEARCH_USER_PATHS = NO;
				CLANG_CXX_LANGUAGE_STANDARD = "gnu++0x";
				CLANG_CXX_LIBRARY = "libc++";
				CLANG_ENABLE_MODULES = YES;
				CLANG_ENABLE_OBJC_ARC = YES;
				CLANG_WARN_BOOL_CONVERSION = YES;
				CLANG_WARN_CONSTANT_CONVERSION = YES;
				CLANG_WARN_DIRECT_OBJC_ISA_USAGE = YES_ERROR;
				CLANG_WARN_EMPTY_BODY = YES;
				CLANG_WARN_ENUM_CONVERSION = YES;
				CLANG_WARN_INT_CONVERSION = YES;
				CLANG_WARN_OBJC_ROOT_CLASS = YES_ERROR;
				CLANG_WARN_UNREACHABLE_CODE = YES;
				CLANG_WARN__DUPLICATE_METHOD_MATCH = YES;
				"CODE_SIGN_IDENTITY[sdk=iphoneos*]" = "iPhone Developer";
				COPY_PHASE_STRIP = NO;
				DEBUG_INFORMATION_FORMAT = "dwarf-with-dsym";
				ENABLE_STRICT_OBJC_MSGSEND = YES;
				GCC_C_LANGUAGE_STANDARD = gnu99;
				GCC_DYNAMIC_NO_PIC = NO;
				GCC_NO_COMMON_BLOCKS = YES;
				GCC_OPTIMIZATION_LEVEL = 0;
				GCC_PREPROCESSOR_DEFINITIONS = (
					"DEBUG=1",
					"$(inherited)",
				);
				GCC_SYMBOLS_PRIVATE_EXTERN = NO;
				GCC_WARN_64_TO_32_BIT_CONVERSION = YES;
				GCC_WARN_ABOUT_RETURN_TYPE = YES_ERROR;
				GCC_WARN_UNDECLARED_SELECTOR = YES;
				GCC_WARN_UNINITIALIZED_AUTOS = YES_AGGRESSIVE;
				GCC_WARN_UNUSED_FUNCTION = YES;
				GCC_WARN_UNUSED_VARIABLE = YES;
				IPHONEOS_DEPLOYMENT_TARGET = 8.3;
				MTL_ENABLE_DEBUG_INFO = YES;
				ONLY_ACTIVE_ARCH = YES;
				SDKROOT = iphoneos;
				SWIFT_OPTIMIZATION_LEVEL = "-Onone";
			};
			name = Debug;
		};
		013222DE1AEAAE180066CBE8 /* Release */ = {
			isa = XCBuildConfiguration;
			buildSettings = {
				ALWAYS_SEARCH_USER_PATHS = NO;
				CLANG_CXX_LANGUAGE_STANDARD = "gnu++0x";
				CLANG_CXX_LIBRARY = "libc++";
				CLANG_ENABLE_MODULES = YES;
				CLANG_ENABLE_OBJC_ARC = YES;
				CLANG_WARN_BOOL_CONVERSION = YES;
				CLANG_WARN_CONSTANT_CONVERSION = YES;
				CLANG_WARN_DIRECT_OBJC_ISA_USAGE = YES_ERROR;
				CLANG_WARN_EMPTY_BODY = YES;
				CLANG_WARN_ENUM_CONVERSION = YES;
				CLANG_WARN_INT_CONVERSION = YES;
				CLANG_WARN_OBJC_ROOT_CLASS = YES_ERROR;
				CLANG_WARN_UNREACHABLE_CODE = YES;
				CLANG_WARN__DUPLICATE_METHOD_MATCH = YES;
				"CODE_SIGN_IDENTITY[sdk=iphoneos*]" = "iPhone Developer";
				COPY_PHASE_STRIP = NO;
				DEBUG_INFORMATION_FORMAT = "dwarf-with-dsym";
				ENABLE_NS_ASSERTIONS = NO;
				ENABLE_STRICT_OBJC_MSGSEND = YES;
				GCC_C_LANGUAGE_STANDARD = gnu99;
				GCC_NO_COMMON_BLOCKS = YES;
				GCC_WARN_64_TO_32_BIT_CONVERSION = YES;
				GCC_WARN_ABOUT_RETURN_TYPE = YES_ERROR;
				GCC_WARN_UNDECLARED_SELECTOR = YES;
				GCC_WARN_UNINITIALIZED_AUTOS = YES_AGGRESSIVE;
				GCC_WARN_UNUSED_FUNCTION = YES;
				GCC_WARN_UNUSED_VARIABLE = YES;
				IPHONEOS_DEPLOYMENT_TARGET = 8.3;
				MTL_ENABLE_DEBUG_INFO = NO;
				SDKROOT = iphoneos;
				VALIDATE_PRODUCT = YES;
			};
			name = Release;
		};
		013222E01AEAAE180066CBE8 /* Debug */ = {
			isa = XCBuildConfiguration;
			buildSettings = {
				ASSETCATALOG_COMPILER_APPICON_NAME = AppIcon;
				INFOPLIST_FILE = GradeSchool/Info.plist;
				LD_RUNPATH_SEARCH_PATHS = "$(inherited) @executable_path/Frameworks";
				PRODUCT_NAME = "$(TARGET_NAME)";
			};
			name = Debug;
		};
		013222E11AEAAE180066CBE8 /* Release */ = {
			isa = XCBuildConfiguration;
			buildSettings = {
				ASSETCATALOG_COMPILER_APPICON_NAME = AppIcon;
				INFOPLIST_FILE = GradeSchool/Info.plist;
				LD_RUNPATH_SEARCH_PATHS = "$(inherited) @executable_path/Frameworks";
				PRODUCT_NAME = "$(TARGET_NAME)";
			};
			name = Release;
		};
		013222E31AEAAE180066CBE8 /* Debug */ = {
			isa = XCBuildConfiguration;
			buildSettings = {
				BUNDLE_LOADER = "$(TEST_HOST)";
				FRAMEWORK_SEARCH_PATHS = (
					"$(SDKROOT)/Developer/Library/Frameworks",
					"$(inherited)",
				);
				GCC_PREPROCESSOR_DEFINITIONS = (
					"DEBUG=1",
					"$(inherited)",
				);
				INFOPLIST_FILE = GradeSchoolTests/Info.plist;
				LD_RUNPATH_SEARCH_PATHS = "$(inherited) @executable_path/Frameworks @loader_path/Frameworks";
				PRODUCT_NAME = "$(TARGET_NAME)";
				TEST_HOST = "$(BUILT_PRODUCTS_DIR)/GradeSchool.app/GradeSchool";
			};
			name = Debug;
		};
		013222E41AEAAE180066CBE8 /* Release */ = {
			isa = XCBuildConfiguration;
			buildSettings = {
				BUNDLE_LOADER = "$(TEST_HOST)";
				FRAMEWORK_SEARCH_PATHS = (
					"$(SDKROOT)/Developer/Library/Frameworks",
					"$(inherited)",
				);
				INFOPLIST_FILE = GradeSchoolTests/Info.plist;
				LD_RUNPATH_SEARCH_PATHS = "$(inherited) @executable_path/Frameworks @loader_path/Frameworks";
				PRODUCT_NAME = "$(TARGET_NAME)";
				TEST_HOST = "$(BUILT_PRODUCTS_DIR)/GradeSchool.app/GradeSchool";
			};
			name = Release;
		};
/* End XCBuildConfiguration section */

/* Begin XCConfigurationList section */
		013222BB1AEAAE170066CBE8 /* Build configuration list for PBXProject "GradeSchool" */ = {
			isa = XCConfigurationList;
			buildConfigurations = (
				013222DD1AEAAE180066CBE8 /* Debug */,
				013222DE1AEAAE180066CBE8 /* Release */,
			);
			defaultConfigurationIsVisible = 0;
			defaultConfigurationName = Release;
		};
		013222DF1AEAAE180066CBE8 /* Build configuration list for PBXNativeTarget "GradeSchool" */ = {
			isa = XCConfigurationList;
			buildConfigurations = (
				013222E01AEAAE180066CBE8 /* Debug */,
				013222E11AEAAE180066CBE8 /* Release */,
			);
			defaultConfigurationIsVisible = 0;
		};
		013222E21AEAAE180066CBE8 /* Build configuration list for PBXNativeTarget "GradeSchoolTests" */ = {
			isa = XCConfigurationList;
			buildConfigurations = (
				013222E31AEAAE180066CBE8 /* Debug */,
				013222E41AEAAE180066CBE8 /* Release */,
			);
			defaultConfigurationIsVisible = 0;
		};
/* End XCConfigurationList section */
	};
	rootObject = 013222B81AEAAE170066CBE8 /* Project object */;
}
