// !$*UTF8*$!
{
	archiveVersion = 1;
	classes = {
	};
	objectVersion = 46;
	objects = {

/* Begin PBXBuildFile section */
		0168C60D1B0A4D0500B36B18 /* AppDelegate.swift in Sources */ = {isa = PBXBuildFile; fileRef = 0168C60C1B0A4D0500B36B18 /* AppDelegate.swift */; };
		0168C60F1B0A4D0500B36B18 /* ViewController.swift in Sources */ = {isa = PBXBuildFile; fileRef = 0168C60E1B0A4D0500B36B18 /* ViewController.swift */; };
		0168C6121B0A4D0500B36B18 /* Main.storyboard in Resources */ = {isa = PBXBuildFile; fileRef = 0168C6101B0A4D0500B36B18 /* Main.storyboard */; };
		0168C6141B0A4D0500B36B18 /* Images.xcassets in Resources */ = {isa = PBXBuildFile; fileRef = 0168C6131B0A4D0500B36B18 /* Images.xcassets */; };
		0168C6171B0A4D0500B36B18 /* LaunchScreen.xib in Resources */ = {isa = PBXBuildFile; fileRef = 0168C6151B0A4D0500B36B18 /* LaunchScreen.xib */; };
		0168C6231B0A4D0500B36B18 /* GigasecondTests.swift in Sources */ = {isa = PBXBuildFile; fileRef = 0168C6221B0A4D0500B36B18 /* GigasecondTests.swift */; };
		0168C62D1B0A4D1B00B36B18 /* Gigasecond.swift in Sources */ = {isa = PBXBuildFile; fileRef = 0168C62C1B0A4D1B00B36B18 /* Gigasecond.swift */; };
		0168C62E1B0A4D1D00B36B18 /* Gigasecond.swift in Sources */ = {isa = PBXBuildFile; fileRef = 0168C62C1B0A4D1B00B36B18 /* Gigasecond.swift */; };
/* End PBXBuildFile section */

/* Begin PBXContainerItemProxy section */
		0168C61D1B0A4D0500B36B18 /* PBXContainerItemProxy */ = {
			isa = PBXContainerItemProxy;
			containerPortal = 0168C5FF1B0A4D0500B36B18 /* Project object */;
			proxyType = 1;
			remoteGlobalIDString = 0168C6061B0A4D0500B36B18;
			remoteInfo = Gigasecond;
		};
/* End PBXContainerItemProxy section */

/* Begin PBXFileReference section */
		0168C6071B0A4D0500B36B18 /* Gigasecond.app */ = {isa = PBXFileReference; explicitFileType = wrapper.application; includeInIndex = 0; path = Gigasecond.app; sourceTree = BUILT_PRODUCTS_DIR; };
		0168C60B1B0A4D0500B36B18 /* Info.plist */ = {isa = PBXFileReference; lastKnownFileType = text.plist.xml; path = Info.plist; sourceTree = "<group>"; };
		0168C60C1B0A4D0500B36B18 /* AppDelegate.swift */ = {isa = PBXFileReference; lastKnownFileType = sourcecode.swift; path = AppDelegate.swift; sourceTree = "<group>"; };
		0168C60E1B0A4D0500B36B18 /* ViewController.swift */ = {isa = PBXFileReference; lastKnownFileType = sourcecode.swift; path = ViewController.swift; sourceTree = "<group>"; };
		0168C6111B0A4D0500B36B18 /* Base */ = {isa = PBXFileReference; lastKnownFileType = file.storyboard; name = Base; path = Base.lproj/Main.storyboard; sourceTree = "<group>"; };
		0168C6131B0A4D0500B36B18 /* Images.xcassets */ = {isa = PBXFileReference; lastKnownFileType = folder.assetcatalog; path = Images.xcassets; sourceTree = "<group>"; };
		0168C6161B0A4D0500B36B18 /* Base */ = {isa = PBXFileReference; lastKnownFileType = file.xib; name = Base; path = Base.lproj/LaunchScreen.xib; sourceTree = "<group>"; };
		0168C61C1B0A4D0500B36B18 /* GigasecondTests.xctest */ = {isa = PBXFileReference; explicitFileType = wrapper.cfbundle; includeInIndex = 0; path = GigasecondTests.xctest; sourceTree = BUILT_PRODUCTS_DIR; };
		0168C6211B0A4D0500B36B18 /* Info.plist */ = {isa = PBXFileReference; lastKnownFileType = text.plist.xml; path = Info.plist; sourceTree = "<group>"; };
		0168C6221B0A4D0500B36B18 /* GigasecondTests.swift */ = {isa = PBXFileReference; lastKnownFileType = sourcecode.swift; path = GigasecondTests.swift; sourceTree = "<group>"; };
		0168C62C1B0A4D1B00B36B18 /* Gigasecond.swift */ = {isa = PBXFileReference; fileEncoding = 4; lastKnownFileType = sourcecode.swift; path = Gigasecond.swift; sourceTree = "<group>"; };
/* End PBXFileReference section */

/* Begin PBXFrameworksBuildPhase section */
		0168C6041B0A4D0500B36B18 /* Frameworks */ = {
			isa = PBXFrameworksBuildPhase;
			buildActionMask = 2147483647;
			files = (
			);
			runOnlyForDeploymentPostprocessing = 0;
		};
		0168C6191B0A4D0500B36B18 /* Frameworks */ = {
			isa = PBXFrameworksBuildPhase;
			buildActionMask = 2147483647;
			files = (
			);
			runOnlyForDeploymentPostprocessing = 0;
		};
/* End PBXFrameworksBuildPhase section */

/* Begin PBXGroup section */
		0168C5FE1B0A4D0500B36B18 = {
			isa = PBXGroup;
			children = (
				0168C6091B0A4D0500B36B18 /* Gigasecond */,
				0168C61F1B0A4D0500B36B18 /* GigasecondTests */,
				0168C6081B0A4D0500B36B18 /* Products */,
			);
			sourceTree = "<group>";
		};
		0168C6081B0A4D0500B36B18 /* Products */ = {
			isa = PBXGroup;
			children = (
				0168C6071B0A4D0500B36B18 /* Gigasecond.app */,
				0168C61C1B0A4D0500B36B18 /* GigasecondTests.xctest */,
			);
			name = Products;
			sourceTree = "<group>";
		};
		0168C6091B0A4D0500B36B18 /* Gigasecond */ = {
			isa = PBXGroup;
			children = (
				0168C60C1B0A4D0500B36B18 /* AppDelegate.swift */,
				0168C60E1B0A4D0500B36B18 /* ViewController.swift */,
				0168C6101B0A4D0500B36B18 /* Main.storyboard */,
				0168C6131B0A4D0500B36B18 /* Images.xcassets */,
				0168C6151B0A4D0500B36B18 /* LaunchScreen.xib */,
				0168C60A1B0A4D0500B36B18 /* Supporting Files */,
				0168C62C1B0A4D1B00B36B18 /* Gigasecond.swift */,
			);
			path = Gigasecond;
			sourceTree = "<group>";
		};
		0168C60A1B0A4D0500B36B18 /* Supporting Files */ = {
			isa = PBXGroup;
			children = (
				0168C60B1B0A4D0500B36B18 /* Info.plist */,
			);
			name = "Supporting Files";
			sourceTree = "<group>";
		};
		0168C61F1B0A4D0500B36B18 /* GigasecondTests */ = {
			isa = PBXGroup;
			children = (
				0168C6221B0A4D0500B36B18 /* GigasecondTests.swift */,
				0168C6201B0A4D0500B36B18 /* Supporting Files */,
			);
			path = GigasecondTests;
			sourceTree = "<group>";
		};
		0168C6201B0A4D0500B36B18 /* Supporting Files */ = {
			isa = PBXGroup;
			children = (
				0168C6211B0A4D0500B36B18 /* Info.plist */,
			);
			name = "Supporting Files";
			sourceTree = "<group>";
		};
/* End PBXGroup section */

/* Begin PBXNativeTarget section */
		0168C6061B0A4D0500B36B18 /* Gigasecond */ = {
			isa = PBXNativeTarget;
			buildConfigurationList = 0168C6261B0A4D0500B36B18 /* Build configuration list for PBXNativeTarget "Gigasecond" */;
			buildPhases = (
				0168C6031B0A4D0500B36B18 /* Sources */,
				0168C6041B0A4D0500B36B18 /* Frameworks */,
				0168C6051B0A4D0500B36B18 /* Resources */,
			);
			buildRules = (
			);
			dependencies = (
			);
			name = Gigasecond;
			productName = Gigasecond;
			productReference = 0168C6071B0A4D0500B36B18 /* Gigasecond.app */;
			productType = "com.apple.product-type.application";
		};
		0168C61B1B0A4D0500B36B18 /* GigasecondTests */ = {
			isa = PBXNativeTarget;
			buildConfigurationList = 0168C6291B0A4D0500B36B18 /* Build configuration list for PBXNativeTarget "GigasecondTests" */;
			buildPhases = (
				0168C6181B0A4D0500B36B18 /* Sources */,
				0168C6191B0A4D0500B36B18 /* Frameworks */,
				0168C61A1B0A4D0500B36B18 /* Resources */,
			);
			buildRules = (
			);
			dependencies = (
				0168C61E1B0A4D0500B36B18 /* PBXTargetDependency */,
			);
			name = GigasecondTests;
			productName = GigasecondTests;
			productReference = 0168C61C1B0A4D0500B36B18 /* GigasecondTests.xctest */;
			productType = "com.apple.product-type.bundle.unit-test";
		};
/* End PBXNativeTarget section */

/* Begin PBXProject section */
		0168C5FF1B0A4D0500B36B18 /* Project object */ = {
			isa = PBXProject;
			attributes = {
				LastUpgradeCheck = 0630;
				ORGANIZATIONNAME = exercism;
				TargetAttributes = {
					0168C6061B0A4D0500B36B18 = {
						CreatedOnToolsVersion = 6.3.1;
					};
					0168C61B1B0A4D0500B36B18 = {
						CreatedOnToolsVersion = 6.3.1;
						TestTargetID = 0168C6061B0A4D0500B36B18;
					};
				};
			};
			buildConfigurationList = 0168C6021B0A4D0500B36B18 /* Build configuration list for PBXProject "Gigasecond" */;
			compatibilityVersion = "Xcode 3.2";
			developmentRegion = English;
			hasScannedForEncodings = 0;
			knownRegions = (
				en,
				Base,
			);
			mainGroup = 0168C5FE1B0A4D0500B36B18;
			productRefGroup = 0168C6081B0A4D0500B36B18 /* Products */;
			projectDirPath = "";
			projectRoot = "";
			targets = (
				0168C6061B0A4D0500B36B18 /* Gigasecond */,
				0168C61B1B0A4D0500B36B18 /* GigasecondTests */,
			);
		};
/* End PBXProject section */

/* Begin PBXResourcesBuildPhase section */
		0168C6051B0A4D0500B36B18 /* Resources */ = {
			isa = PBXResourcesBuildPhase;
			buildActionMask = 2147483647;
			files = (
				0168C6121B0A4D0500B36B18 /* Main.storyboard in Resources */,
				0168C6171B0A4D0500B36B18 /* LaunchScreen.xib in Resources */,
				0168C6141B0A4D0500B36B18 /* Images.xcassets in Resources */,
			);
			runOnlyForDeploymentPostprocessing = 0;
		};
		0168C61A1B0A4D0500B36B18 /* Resources */ = {
			isa = PBXResourcesBuildPhase;
			buildActionMask = 2147483647;
			files = (
			);
			runOnlyForDeploymentPostprocessing = 0;
		};
/* End PBXResourcesBuildPhase section */

/* Begin PBXSourcesBuildPhase section */
		0168C6031B0A4D0500B36B18 /* Sources */ = {
			isa = PBXSourcesBuildPhase;
			buildActionMask = 2147483647;
			files = (
				0168C60F1B0A4D0500B36B18 /* ViewController.swift in Sources */,
				0168C62D1B0A4D1B00B36B18 /* Gigasecond.swift in Sources */,
				0168C60D1B0A4D0500B36B18 /* AppDelegate.swift in Sources */,
			);
			runOnlyForDeploymentPostprocessing = 0;
		};
		0168C6181B0A4D0500B36B18 /* Sources */ = {
			isa = PBXSourcesBuildPhase;
			buildActionMask = 2147483647;
			files = (
				0168C6231B0A4D0500B36B18 /* GigasecondTests.swift in Sources */,
				0168C62E1B0A4D1D00B36B18 /* Gigasecond.swift in Sources */,
			);
			runOnlyForDeploymentPostprocessing = 0;
		};
/* End PBXSourcesBuildPhase section */

/* Begin PBXTargetDependency section */
		0168C61E1B0A4D0500B36B18 /* PBXTargetDependency */ = {
			isa = PBXTargetDependency;
			target = 0168C6061B0A4D0500B36B18 /* Gigasecond */;
			targetProxy = 0168C61D1B0A4D0500B36B18 /* PBXContainerItemProxy */;
		};
/* End PBXTargetDependency section */

/* Begin PBXVariantGroup section */
		0168C6101B0A4D0500B36B18 /* Main.storyboard */ = {
			isa = PBXVariantGroup;
			children = (
				0168C6111B0A4D0500B36B18 /* Base */,
			);
			name = Main.storyboard;
			sourceTree = "<group>";
		};
		0168C6151B0A4D0500B36B18 /* LaunchScreen.xib */ = {
			isa = PBXVariantGroup;
			children = (
				0168C6161B0A4D0500B36B18 /* Base */,
			);
			name = LaunchScreen.xib;
			sourceTree = "<group>";
		};
/* End PBXVariantGroup section */

/* Begin XCBuildConfiguration section */
		0168C6241B0A4D0500B36B18 /* Debug */ = {
			isa = XCBuildConfiguration;
			buildSettings = {
				ALWAYS_SEARCH_USER_PATHS = NO;
				CLANG_CXX_LANGUAGE_STANDARD = "gnu++0x";
				CLANG_CXX_LIBRARY = "libc++";
				CLANG_ENABLE_MODULES = YES;
				CLANG_ENABLE_OBJC_ARC = YES;
				CLANG_WARN_BOOL_CONVERSION = YES;
				CLANG_WARN_CONSTANT_CONVERSION = YES;
				CLANG_WARN_DIRECT_OBJC_ISA_USAGE = YES_ERROR;
				CLANG_WARN_EMPTY_BODY = YES;
				CLANG_WARN_ENUM_CONVERSION = YES;
				CLANG_WARN_INT_CONVERSION = YES;
				CLANG_WARN_OBJC_ROOT_CLASS = YES_ERROR;
				CLANG_WARN_UNREACHABLE_CODE = YES;
				CLANG_WARN__DUPLICATE_METHOD_MATCH = YES;
				"CODE_SIGN_IDENTITY[sdk=iphoneos*]" = "iPhone Developer";
				COPY_PHASE_STRIP = NO;
				DEBUG_INFORMATION_FORMAT = "dwarf-with-dsym";
				ENABLE_STRICT_OBJC_MSGSEND = YES;
				GCC_C_LANGUAGE_STANDARD = gnu99;
				GCC_DYNAMIC_NO_PIC = NO;
				GCC_NO_COMMON_BLOCKS = YES;
				GCC_OPTIMIZATION_LEVEL = 0;
				GCC_PREPROCESSOR_DEFINITIONS = (
					"DEBUG=1",
					"$(inherited)",
				);
				GCC_SYMBOLS_PRIVATE_EXTERN = NO;
				GCC_WARN_64_TO_32_BIT_CONVERSION = YES;
				GCC_WARN_ABOUT_RETURN_TYPE = YES_ERROR;
				GCC_WARN_UNDECLARED_SELECTOR = YES;
				GCC_WARN_UNINITIALIZED_AUTOS = YES_AGGRESSIVE;
				GCC_WARN_UNUSED_FUNCTION = YES;
				GCC_WARN_UNUSED_VARIABLE = YES;
				IPHONEOS_DEPLOYMENT_TARGET = 8.3;
				MTL_ENABLE_DEBUG_INFO = YES;
				ONLY_ACTIVE_ARCH = YES;
				SDKROOT = iphoneos;
				SWIFT_OPTIMIZATION_LEVEL = "-Onone";
			};
			name = Debug;
		};
		0168C6251B0A4D0500B36B18 /* Release */ = {
			isa = XCBuildConfiguration;
			buildSettings = {
				ALWAYS_SEARCH_USER_PATHS = NO;
				CLANG_CXX_LANGUAGE_STANDARD = "gnu++0x";
				CLANG_CXX_LIBRARY = "libc++";
				CLANG_ENABLE_MODULES = YES;
				CLANG_ENABLE_OBJC_ARC = YES;
				CLANG_WARN_BOOL_CONVERSION = YES;
				CLANG_WARN_CONSTANT_CONVERSION = YES;
				CLANG_WARN_DIRECT_OBJC_ISA_USAGE = YES_ERROR;
				CLANG_WARN_EMPTY_BODY = YES;
				CLANG_WARN_ENUM_CONVERSION = YES;
				CLANG_WARN_INT_CONVERSION = YES;
				CLANG_WARN_OBJC_ROOT_CLASS = YES_ERROR;
				CLANG_WARN_UNREACHABLE_CODE = YES;
				CLANG_WARN__DUPLICATE_METHOD_MATCH = YES;
				"CODE_SIGN_IDENTITY[sdk=iphoneos*]" = "iPhone Developer";
				COPY_PHASE_STRIP = NO;
				DEBUG_INFORMATION_FORMAT = "dwarf-with-dsym";
				ENABLE_NS_ASSERTIONS = NO;
				ENABLE_STRICT_OBJC_MSGSEND = YES;
				GCC_C_LANGUAGE_STANDARD = gnu99;
				GCC_NO_COMMON_BLOCKS = YES;
				GCC_WARN_64_TO_32_BIT_CONVERSION = YES;
				GCC_WARN_ABOUT_RETURN_TYPE = YES_ERROR;
				GCC_WARN_UNDECLARED_SELECTOR = YES;
				GCC_WARN_UNINITIALIZED_AUTOS = YES_AGGRESSIVE;
				GCC_WARN_UNUSED_FUNCTION = YES;
				GCC_WARN_UNUSED_VARIABLE = YES;
				IPHONEOS_DEPLOYMENT_TARGET = 8.3;
				MTL_ENABLE_DEBUG_INFO = NO;
				SDKROOT = iphoneos;
				VALIDATE_PRODUCT = YES;
			};
			name = Release;
		};
		0168C6271B0A4D0500B36B18 /* Debug */ = {
			isa = XCBuildConfiguration;
			buildSettings = {
				ASSETCATALOG_COMPILER_APPICON_NAME = AppIcon;
				INFOPLIST_FILE = Gigasecond/Info.plist;
				LD_RUNPATH_SEARCH_PATHS = "$(inherited) @executable_path/Frameworks";
				PRODUCT_NAME = "$(TARGET_NAME)";
			};
			name = Debug;
		};
		0168C6281B0A4D0500B36B18 /* Release */ = {
			isa = XCBuildConfiguration;
			buildSettings = {
				ASSETCATALOG_COMPILER_APPICON_NAME = AppIcon;
				INFOPLIST_FILE = Gigasecond/Info.plist;
				LD_RUNPATH_SEARCH_PATHS = "$(inherited) @executable_path/Frameworks";
				PRODUCT_NAME = "$(TARGET_NAME)";
			};
			name = Release;
		};
		0168C62A1B0A4D0500B36B18 /* Debug */ = {
			isa = XCBuildConfiguration;
			buildSettings = {
				BUNDLE_LOADER = "$(TEST_HOST)";
				FRAMEWORK_SEARCH_PATHS = (
					"$(SDKROOT)/Developer/Library/Frameworks",
					"$(inherited)",
				);
				GCC_PREPROCESSOR_DEFINITIONS = (
					"DEBUG=1",
					"$(inherited)",
				);
				INFOPLIST_FILE = GigasecondTests/Info.plist;
				LD_RUNPATH_SEARCH_PATHS = "$(inherited) @executable_path/Frameworks @loader_path/Frameworks";
				PRODUCT_NAME = "$(TARGET_NAME)";
				TEST_HOST = "$(BUILT_PRODUCTS_DIR)/Gigasecond.app/Gigasecond";
			};
			name = Debug;
		};
		0168C62B1B0A4D0500B36B18 /* Release */ = {
			isa = XCBuildConfiguration;
			buildSettings = {
				BUNDLE_LOADER = "$(TEST_HOST)";
				FRAMEWORK_SEARCH_PATHS = (
					"$(SDKROOT)/Developer/Library/Frameworks",
					"$(inherited)",
				);
				INFOPLIST_FILE = GigasecondTests/Info.plist;
				LD_RUNPATH_SEARCH_PATHS = "$(inherited) @executable_path/Frameworks @loader_path/Frameworks";
				PRODUCT_NAME = "$(TARGET_NAME)";
				TEST_HOST = "$(BUILT_PRODUCTS_DIR)/Gigasecond.app/Gigasecond";
			};
			name = Release;
		};
/* End XCBuildConfiguration section */

/* Begin XCConfigurationList section */
		0168C6021B0A4D0500B36B18 /* Build configuration list for PBXProject "Gigasecond" */ = {
			isa = XCConfigurationList;
			buildConfigurations = (
				0168C6241B0A4D0500B36B18 /* Debug */,
				0168C6251B0A4D0500B36B18 /* Release */,
			);
			defaultConfigurationIsVisible = 0;
			defaultConfigurationName = Release;
		};
		0168C6261B0A4D0500B36B18 /* Build configuration list for PBXNativeTarget "Gigasecond" */ = {
			isa = XCConfigurationList;
			buildConfigurations = (
				0168C6271B0A4D0500B36B18 /* Debug */,
				0168C6281B0A4D0500B36B18 /* Release */,
			);
			defaultConfigurationIsVisible = 0;
		};
		0168C6291B0A4D0500B36B18 /* Build configuration list for PBXNativeTarget "GigasecondTests" */ = {
			isa = XCConfigurationList;
			buildConfigurations = (
				0168C62A1B0A4D0500B36B18 /* Debug */,
				0168C62B1B0A4D0500B36B18 /* Release */,
			);
			defaultConfigurationIsVisible = 0;
		};
/* End XCConfigurationList section */
	};
	rootObject = 0168C5FF1B0A4D0500B36B18 /* Project object */;
}
