// !$*UTF8*$!
{
	archiveVersion = 1;
	classes = {
	};
	objectVersion = 46;
	objects = {

/* Begin PBXBuildFile section */
		01E4DBFC1AEB1A3D006D8846 /* AppDelegate.swift in Sources */ = {isa = PBXBuildFile; fileRef = 01E4DBFB1AEB1A3D006D8846 /* AppDelegate.swift */; };
		01E4DBFE1AEB1A3D006D8846 /* ViewController.swift in Sources */ = {isa = PBXBuildFile; fileRef = 01E4DBFD1AEB1A3D006D8846 /* ViewController.swift */; };
		01E4DC011AEB1A3D006D8846 /* Main.storyboard in Resources */ = {isa = PBXBuildFile; fileRef = 01E4DBFF1AEB1A3D006D8846 /* Main.storyboard */; };
		01E4DC031AEB1A3D006D8846 /* Images.xcassets in Resources */ = {isa = PBXBuildFile; fileRef = 01E4DC021AEB1A3D006D8846 /* Images.xcassets */; };
		01E4DC061AEB1A3D006D8846 /* LaunchScreen.xib in Resources */ = {isa = PBXBuildFile; fileRef = 01E4DC041AEB1A3D006D8846 /* LaunchScreen.xib */; };
		01E4DC121AEB1A3D006D8846 /* RobotNameTests.swift in Sources */ = {isa = PBXBuildFile; fileRef = 01E4DC111AEB1A3D006D8846 /* RobotNameTests.swift */; };
		01E4DC1C1AEB1A4F006D8846 /* RobotName.swift in Sources */ = {isa = PBXBuildFile; fileRef = 01E4DC1B1AEB1A4F006D8846 /* RobotName.swift */; };
		01E4DC1D1AEB1A4F006D8846 /* RobotName.swift in Sources */ = {isa = PBXBuildFile; fileRef = 01E4DC1B1AEB1A4F006D8846 /* RobotName.swift */; };
/* End PBXBuildFile section */

/* Begin PBXContainerItemProxy section */
		01E4DC0C1AEB1A3D006D8846 /* PBXContainerItemProxy */ = {
			isa = PBXContainerItemProxy;
			containerPortal = 01E4DBEE1AEB1A3D006D8846 /* Project object */;
			proxyType = 1;
			remoteGlobalIDString = 01E4DBF51AEB1A3D006D8846;
			remoteInfo = RobotName;
		};
/* End PBXContainerItemProxy section */

/* Begin PBXFileReference section */
		01E4DBF61AEB1A3D006D8846 /* RobotName.app */ = {isa = PBXFileReference; explicitFileType = wrapper.application; includeInIndex = 0; path = RobotName.app; sourceTree = BUILT_PRODUCTS_DIR; };
		01E4DBFA1AEB1A3D006D8846 /* Info.plist */ = {isa = PBXFileReference; lastKnownFileType = text.plist.xml; path = Info.plist; sourceTree = "<group>"; };
		01E4DBFB1AEB1A3D006D8846 /* AppDelegate.swift */ = {isa = PBXFileReference; lastKnownFileType = sourcecode.swift; path = AppDelegate.swift; sourceTree = "<group>"; };
		01E4DBFD1AEB1A3D006D8846 /* ViewController.swift */ = {isa = PBXFileReference; lastKnownFileType = sourcecode.swift; path = ViewController.swift; sourceTree = "<group>"; };
		01E4DC001AEB1A3D006D8846 /* Base */ = {isa = PBXFileReference; lastKnownFileType = file.storyboard; name = Base; path = Base.lproj/Main.storyboard; sourceTree = "<group>"; };
		01E4DC021AEB1A3D006D8846 /* Images.xcassets */ = {isa = PBXFileReference; lastKnownFileType = folder.assetcatalog; path = Images.xcassets; sourceTree = "<group>"; };
		01E4DC051AEB1A3D006D8846 /* Base */ = {isa = PBXFileReference; lastKnownFileType = file.xib; name = Base; path = Base.lproj/LaunchScreen.xib; sourceTree = "<group>"; };
		01E4DC0B1AEB1A3D006D8846 /* RobotNameTests.xctest */ = {isa = PBXFileReference; explicitFileType = wrapper.cfbundle; includeInIndex = 0; path = RobotNameTests.xctest; sourceTree = BUILT_PRODUCTS_DIR; };
		01E4DC101AEB1A3D006D8846 /* Info.plist */ = {isa = PBXFileReference; lastKnownFileType = text.plist.xml; path = Info.plist; sourceTree = "<group>"; };
		01E4DC111AEB1A3D006D8846 /* RobotNameTests.swift */ = {isa = PBXFileReference; lastKnownFileType = sourcecode.swift; path = RobotNameTests.swift; sourceTree = "<group>"; };
		01E4DC1B1AEB1A4F006D8846 /* RobotName.swift */ = {isa = PBXFileReference; fileEncoding = 4; lastKnownFileType = sourcecode.swift; path = RobotName.swift; sourceTree = "<group>"; };
/* End PBXFileReference section */

/* Begin PBXFrameworksBuildPhase section */
		01E4DBF31AEB1A3D006D8846 /* Frameworks */ = {
			isa = PBXFrameworksBuildPhase;
			buildActionMask = 2147483647;
			files = (
			);
			runOnlyForDeploymentPostprocessing = 0;
		};
		01E4DC081AEB1A3D006D8846 /* Frameworks */ = {
			isa = PBXFrameworksBuildPhase;
			buildActionMask = 2147483647;
			files = (
			);
			runOnlyForDeploymentPostprocessing = 0;
		};
/* End PBXFrameworksBuildPhase section */

/* Begin PBXGroup section */
		01E4DBED1AEB1A3D006D8846 = {
			isa = PBXGroup;
			children = (
				01E4DBF81AEB1A3D006D8846 /* RobotName */,
				01E4DC0E1AEB1A3D006D8846 /* RobotNameTests */,
				01E4DBF71AEB1A3D006D8846 /* Products */,
			);
			sourceTree = "<group>";
		};
		01E4DBF71AEB1A3D006D8846 /* Products */ = {
			isa = PBXGroup;
			children = (
				01E4DBF61AEB1A3D006D8846 /* RobotName.app */,
				01E4DC0B1AEB1A3D006D8846 /* RobotNameTests.xctest */,
			);
			name = Products;
			sourceTree = "<group>";
		};
		01E4DBF81AEB1A3D006D8846 /* RobotName */ = {
			isa = PBXGroup;
			children = (
				01E4DC1B1AEB1A4F006D8846 /* RobotName.swift */,
				01E4DBFB1AEB1A3D006D8846 /* AppDelegate.swift */,
				01E4DBFD1AEB1A3D006D8846 /* ViewController.swift */,
				01E4DBFF1AEB1A3D006D8846 /* Main.storyboard */,
				01E4DC021AEB1A3D006D8846 /* Images.xcassets */,
				01E4DC041AEB1A3D006D8846 /* LaunchScreen.xib */,
				01E4DBF91AEB1A3D006D8846 /* Supporting Files */,
			);
			path = RobotName;
			sourceTree = "<group>";
		};
		01E4DBF91AEB1A3D006D8846 /* Supporting Files */ = {
			isa = PBXGroup;
			children = (
				01E4DBFA1AEB1A3D006D8846 /* Info.plist */,
			);
			name = "Supporting Files";
			sourceTree = "<group>";
		};
		01E4DC0E1AEB1A3D006D8846 /* RobotNameTests */ = {
			isa = PBXGroup;
			children = (
				01E4DC111AEB1A3D006D8846 /* RobotNameTests.swift */,
				01E4DC0F1AEB1A3D006D8846 /* Supporting Files */,
			);
			path = RobotNameTests;
			sourceTree = "<group>";
		};
		01E4DC0F1AEB1A3D006D8846 /* Supporting Files */ = {
			isa = PBXGroup;
			children = (
				01E4DC101AEB1A3D006D8846 /* Info.plist */,
			);
			name = "Supporting Files";
			sourceTree = "<group>";
		};
/* End PBXGroup section */

/* Begin PBXNativeTarget section */
		01E4DBF51AEB1A3D006D8846 /* RobotName */ = {
			isa = PBXNativeTarget;
			buildConfigurationList = 01E4DC151AEB1A3D006D8846 /* Build configuration list for PBXNativeTarget "RobotName" */;
			buildPhases = (
				01E4DBF21AEB1A3D006D8846 /* Sources */,
				01E4DBF31AEB1A3D006D8846 /* Frameworks */,
				01E4DBF41AEB1A3D006D8846 /* Resources */,
			);
			buildRules = (
			);
			dependencies = (
			);
			name = RobotName;
			productName = RobotName;
			productReference = 01E4DBF61AEB1A3D006D8846 /* RobotName.app */;
			productType = "com.apple.product-type.application";
		};
		01E4DC0A1AEB1A3D006D8846 /* RobotNameTests */ = {
			isa = PBXNativeTarget;
			buildConfigurationList = 01E4DC181AEB1A3D006D8846 /* Build configuration list for PBXNativeTarget "RobotNameTests" */;
			buildPhases = (
				01E4DC071AEB1A3D006D8846 /* Sources */,
				01E4DC081AEB1A3D006D8846 /* Frameworks */,
				01E4DC091AEB1A3D006D8846 /* Resources */,
			);
			buildRules = (
			);
			dependencies = (
				01E4DC0D1AEB1A3D006D8846 /* PBXTargetDependency */,
			);
			name = RobotNameTests;
			productName = RobotNameTests;
			productReference = 01E4DC0B1AEB1A3D006D8846 /* RobotNameTests.xctest */;
			productType = "com.apple.product-type.bundle.unit-test";
		};
/* End PBXNativeTarget section */

/* Begin PBXProject section */
		01E4DBEE1AEB1A3D006D8846 /* Project object */ = {
			isa = PBXProject;
			attributes = {
				LastUpgradeCheck = 0630;
				ORGANIZATIONNAME = exercism;
				TargetAttributes = {
					01E4DBF51AEB1A3D006D8846 = {
						CreatedOnToolsVersion = 6.3.1;
					};
					01E4DC0A1AEB1A3D006D8846 = {
						CreatedOnToolsVersion = 6.3.1;
						TestTargetID = 01E4DBF51AEB1A3D006D8846;
					};
				};
			};
			buildConfigurationList = 01E4DBF11AEB1A3D006D8846 /* Build configuration list for PBXProject "RobotName" */;
			compatibilityVersion = "Xcode 3.2";
			developmentRegion = English;
			hasScannedForEncodings = 0;
			knownRegions = (
				en,
				Base,
			);
			mainGroup = 01E4DBED1AEB1A3D006D8846;
			productRefGroup = 01E4DBF71AEB1A3D006D8846 /* Products */;
			projectDirPath = "";
			projectRoot = "";
			targets = (
				01E4DBF51AEB1A3D006D8846 /* RobotName */,
				01E4DC0A1AEB1A3D006D8846 /* RobotNameTests */,
			);
		};
/* End PBXProject section */

/* Begin PBXResourcesBuildPhase section */
		01E4DBF41AEB1A3D006D8846 /* Resources */ = {
			isa = PBXResourcesBuildPhase;
			buildActionMask = 2147483647;
			files = (
				01E4DC011AEB1A3D006D8846 /* Main.storyboard in Resources */,
				01E4DC061AEB1A3D006D8846 /* LaunchScreen.xib in Resources */,
				01E4DC031AEB1A3D006D8846 /* Images.xcassets in Resources */,
			);
			runOnlyForDeploymentPostprocessing = 0;
		};
		01E4DC091AEB1A3D006D8846 /* Resources */ = {
			isa = PBXResourcesBuildPhase;
			buildActionMask = 2147483647;
			files = (
			);
			runOnlyForDeploymentPostprocessing = 0;
		};
/* End PBXResourcesBuildPhase section */

/* Begin PBXSourcesBuildPhase section */
		01E4DBF21AEB1A3D006D8846 /* Sources */ = {
			isa = PBXSourcesBuildPhase;
			buildActionMask = 2147483647;
			files = (
				01E4DBFE1AEB1A3D006D8846 /* ViewController.swift in Sources */,
				01E4DBFC1AEB1A3D006D8846 /* AppDelegate.swift in Sources */,
				01E4DC1C1AEB1A4F006D8846 /* RobotName.swift in Sources */,
			);
			runOnlyForDeploymentPostprocessing = 0;
		};
		01E4DC071AEB1A3D006D8846 /* Sources */ = {
			isa = PBXSourcesBuildPhase;
			buildActionMask = 2147483647;
			files = (
				01E4DC121AEB1A3D006D8846 /* RobotNameTests.swift in Sources */,
				01E4DC1D1AEB1A4F006D8846 /* RobotName.swift in Sources */,
			);
			runOnlyForDeploymentPostprocessing = 0;
		};
/* End PBXSourcesBuildPhase section */

/* Begin PBXTargetDependency section */
		01E4DC0D1AEB1A3D006D8846 /* PBXTargetDependency */ = {
			isa = PBXTargetDependency;
			target = 01E4DBF51AEB1A3D006D8846 /* RobotName */;
			targetProxy = 01E4DC0C1AEB1A3D006D8846 /* PBXContainerItemProxy */;
		};
/* End PBXTargetDependency section */

/* Begin PBXVariantGroup section */
		01E4DBFF1AEB1A3D006D8846 /* Main.storyboard */ = {
			isa = PBXVariantGroup;
			children = (
				01E4DC001AEB1A3D006D8846 /* Base */,
			);
			name = Main.storyboard;
			sourceTree = "<group>";
		};
		01E4DC041AEB1A3D006D8846 /* LaunchScreen.xib */ = {
			isa = PBXVariantGroup;
			children = (
				01E4DC051AEB1A3D006D8846 /* Base */,
			);
			name = LaunchScreen.xib;
			sourceTree = "<group>";
		};
/* End PBXVariantGroup section */

/* Begin XCBuildConfiguration section */
		01E4DC131AEB1A3D006D8846 /* Debug */ = {
			isa = XCBuildConfiguration;
			buildSettings = {
				ALWAYS_SEARCH_USER_PATHS = NO;
				CLANG_CXX_LANGUAGE_STANDARD = "gnu++0x";
				CLANG_CXX_LIBRARY = "libc++";
				CLANG_ENABLE_MODULES = YES;
				CLANG_ENABLE_OBJC_ARC = YES;
				CLANG_WARN_BOOL_CONVERSION = YES;
				CLANG_WARN_CONSTANT_CONVERSION = YES;
				CLANG_WARN_DIRECT_OBJC_ISA_USAGE = YES_ERROR;
				CLANG_WARN_EMPTY_BODY = YES;
				CLANG_WARN_ENUM_CONVERSION = YES;
				CLANG_WARN_INT_CONVERSION = YES;
				CLANG_WARN_OBJC_ROOT_CLASS = YES_ERROR;
				CLANG_WARN_UNREACHABLE_CODE = YES;
				CLANG_WARN__DUPLICATE_METHOD_MATCH = YES;
				"CODE_SIGN_IDENTITY[sdk=iphoneos*]" = "iPhone Developer";
				COPY_PHASE_STRIP = NO;
				DEBUG_INFORMATION_FORMAT = "dwarf-with-dsym";
				ENABLE_STRICT_OBJC_MSGSEND = YES;
				GCC_C_LANGUAGE_STANDARD = gnu99;
				GCC_DYNAMIC_NO_PIC = NO;
				GCC_NO_COMMON_BLOCKS = YES;
				GCC_OPTIMIZATION_LEVEL = 0;
				GCC_PREPROCESSOR_DEFINITIONS = (
					"DEBUG=1",
					"$(inherited)",
				);
				GCC_SYMBOLS_PRIVATE_EXTERN = NO;
				GCC_WARN_64_TO_32_BIT_CONVERSION = YES;
				GCC_WARN_ABOUT_RETURN_TYPE = YES_ERROR;
				GCC_WARN_UNDECLARED_SELECTOR = YES;
				GCC_WARN_UNINITIALIZED_AUTOS = YES_AGGRESSIVE;
				GCC_WARN_UNUSED_FUNCTION = YES;
				GCC_WARN_UNUSED_VARIABLE = YES;
				IPHONEOS_DEPLOYMENT_TARGET = 8.3;
				MTL_ENABLE_DEBUG_INFO = YES;
				ONLY_ACTIVE_ARCH = YES;
				SDKROOT = iphoneos;
				SWIFT_OPTIMIZATION_LEVEL = "-Onone";
			};
			name = Debug;
		};
		01E4DC141AEB1A3D006D8846 /* Release */ = {
			isa = XCBuildConfiguration;
			buildSettings = {
				ALWAYS_SEARCH_USER_PATHS = NO;
				CLANG_CXX_LANGUAGE_STANDARD = "gnu++0x";
				CLANG_CXX_LIBRARY = "libc++";
				CLANG_ENABLE_MODULES = YES;
				CLANG_ENABLE_OBJC_ARC = YES;
				CLANG_WARN_BOOL_CONVERSION = YES;
				CLANG_WARN_CONSTANT_CONVERSION = YES;
				CLANG_WARN_DIRECT_OBJC_ISA_USAGE = YES_ERROR;
				CLANG_WARN_EMPTY_BODY = YES;
				CLANG_WARN_ENUM_CONVERSION = YES;
				CLANG_WARN_INT_CONVERSION = YES;
				CLANG_WARN_OBJC_ROOT_CLASS = YES_ERROR;
				CLANG_WARN_UNREACHABLE_CODE = YES;
				CLANG_WARN__DUPLICATE_METHOD_MATCH = YES;
				"CODE_SIGN_IDENTITY[sdk=iphoneos*]" = "iPhone Developer";
				COPY_PHASE_STRIP = NO;
				DEBUG_INFORMATION_FORMAT = "dwarf-with-dsym";
				ENABLE_NS_ASSERTIONS = NO;
				ENABLE_STRICT_OBJC_MSGSEND = YES;
				GCC_C_LANGUAGE_STANDARD = gnu99;
				GCC_NO_COMMON_BLOCKS = YES;
				GCC_WARN_64_TO_32_BIT_CONVERSION = YES;
				GCC_WARN_ABOUT_RETURN_TYPE = YES_ERROR;
				GCC_WARN_UNDECLARED_SELECTOR = YES;
				GCC_WARN_UNINITIALIZED_AUTOS = YES_AGGRESSIVE;
				GCC_WARN_UNUSED_FUNCTION = YES;
				GCC_WARN_UNUSED_VARIABLE = YES;
				IPHONEOS_DEPLOYMENT_TARGET = 8.3;
				MTL_ENABLE_DEBUG_INFO = NO;
				SDKROOT = iphoneos;
				VALIDATE_PRODUCT = YES;
			};
			name = Release;
		};
		01E4DC161AEB1A3D006D8846 /* Debug */ = {
			isa = XCBuildConfiguration;
			buildSettings = {
				ASSETCATALOG_COMPILER_APPICON_NAME = AppIcon;
				INFOPLIST_FILE = RobotName/Info.plist;
				LD_RUNPATH_SEARCH_PATHS = "$(inherited) @executable_path/Frameworks";
				PRODUCT_NAME = "$(TARGET_NAME)";
			};
			name = Debug;
		};
		01E4DC171AEB1A3D006D8846 /* Release */ = {
			isa = XCBuildConfiguration;
			buildSettings = {
				ASSETCATALOG_COMPILER_APPICON_NAME = AppIcon;
				INFOPLIST_FILE = RobotName/Info.plist;
				LD_RUNPATH_SEARCH_PATHS = "$(inherited) @executable_path/Frameworks";
				PRODUCT_NAME = "$(TARGET_NAME)";
			};
			name = Release;
		};
		01E4DC191AEB1A3D006D8846 /* Debug */ = {
			isa = XCBuildConfiguration;
			buildSettings = {
				BUNDLE_LOADER = "$(TEST_HOST)";
				FRAMEWORK_SEARCH_PATHS = (
					"$(SDKROOT)/Developer/Library/Frameworks",
					"$(inherited)",
				);
				GCC_PREPROCESSOR_DEFINITIONS = (
					"DEBUG=1",
					"$(inherited)",
				);
				INFOPLIST_FILE = RobotNameTests/Info.plist;
				LD_RUNPATH_SEARCH_PATHS = "$(inherited) @executable_path/Frameworks @loader_path/Frameworks";
				PRODUCT_NAME = "$(TARGET_NAME)";
				TEST_HOST = "$(BUILT_PRODUCTS_DIR)/RobotName.app/RobotName";
			};
			name = Debug;
		};
		01E4DC1A1AEB1A3D006D8846 /* Release */ = {
			isa = XCBuildConfiguration;
			buildSettings = {
				BUNDLE_LOADER = "$(TEST_HOST)";
				FRAMEWORK_SEARCH_PATHS = (
					"$(SDKROOT)/Developer/Library/Frameworks",
					"$(inherited)",
				);
				INFOPLIST_FILE = RobotNameTests/Info.plist;
				LD_RUNPATH_SEARCH_PATHS = "$(inherited) @executable_path/Frameworks @loader_path/Frameworks";
				PRODUCT_NAME = "$(TARGET_NAME)";
				TEST_HOST = "$(BUILT_PRODUCTS_DIR)/RobotName.app/RobotName";
			};
			name = Release;
		};
/* End XCBuildConfiguration section */

/* Begin XCConfigurationList section */
		01E4DBF11AEB1A3D006D8846 /* Build configuration list for PBXProject "RobotName" */ = {
			isa = XCConfigurationList;
			buildConfigurations = (
				01E4DC131AEB1A3D006D8846 /* Debug */,
				01E4DC141AEB1A3D006D8846 /* Release */,
			);
			defaultConfigurationIsVisible = 0;
			defaultConfigurationName = Release;
		};
		01E4DC151AEB1A3D006D8846 /* Build configuration list for PBXNativeTarget "RobotName" */ = {
			isa = XCConfigurationList;
			buildConfigurations = (
				01E4DC161AEB1A3D006D8846 /* Debug */,
				01E4DC171AEB1A3D006D8846 /* Release */,
			);
			defaultConfigurationIsVisible = 0;
		};
		01E4DC181AEB1A3D006D8846 /* Build configuration list for PBXNativeTarget "RobotNameTests" */ = {
			isa = XCConfigurationList;
			buildConfigurations = (
				01E4DC191AEB1A3D006D8846 /* Debug */,
				01E4DC1A1AEB1A3D006D8846 /* Release */,
			);
			defaultConfigurationIsVisible = 0;
		};
/* End XCConfigurationList section */
	};
	rootObject = 01E4DBEE1AEB1A3D006D8846 /* Project object */;
}
